PODS:
  - Dialog (1.0.0)
  - FSCalendar (2.8.0)
  - RxCocoa (5.0.0):
    - RxRelay (~> 5)
    - RxSwift (~> 5)
  - RxRelay (5.0.0):
    - RxSwift (~> 5)
  - RxSwift (5.0.0)

DEPENDENCIES:
  - Dialog
  - FSCalendar
  - RxCocoa
  - RxSwift

SPEC REPOS:
  https://github.com/cocoapods/specs.git:
    - Dialog
    - FSCalendar
    - RxCocoa
    - RxRelay
    - RxSwift

SPEC CHECKSUMS:
  Dialog: 1d126a78ff004cf0384f7faf24e97f5426c2d2d1
  FSCalendar: 3a5ed3636e2ba1b83ebebfcf0c2603105a6f5efe
  RxCocoa: fcf32050ac00d801f34a7f71d5e8e7f23026dcd8
  RxRelay: 4f7409406a51a55cd88483f21ed898c234d60f18
  RxSwift: 8b0671caa829a763bbce7271095859121cbd895f

PODFILE CHECKSUM: 78b1dcf02d2570af732bf45f6e41039bd6c26215

COCOAPODS: 1.7.2
