// !$*UTF8*$!
{
	archiveVersion = 1;
	classes = {
	};
	objectVersion = 50;
	objects = {

/* Begin PBXBuildFile section */
		179B6F6D20E8C6B8008A7D5A /* AppDelegate.swift in Sources */ = {isa = PBXBuildFile; fileRef = 179B6F6C20E8C6B8008A7D5A /* AppDelegate.swift */; };
		179B6F6F20E8C6B8008A7D5A /* ViewController.swift in Sources */ = {isa = PBXBuildFile; fileRef = 179B6F6E20E8C6B8008A7D5A /* ViewController.swift */; };
		179B6F7220E8C6B8008A7D5A /* Main.storyboard in Resources */ = {isa = PBXBuildFile; fileRef = 179B6F7020E8C6B8008A7D5A /* Main.storyboard */; };
		179B6F7720E8C6BC008A7D5A /* Assets.xcassets in Resources */ = {isa = PBXBuildFile; fileRef = 179B6F7620E8C6BC008A7D5A /* Assets.xcassets */; };
		179B6F7A20E8C6BC008A7D5A /* LaunchScreen.storyboard in Resources */ = {isa = PBXBuildFile; fileRef = 179B6F7820E8C6BC008A7D5A /* LaunchScreen.storyboard */; };
		179B6F8520E8C6BC008A7D5A /* MyWorkingListTests.swift in Sources */ = {isa = PBXBuildFile; fileRef = 179B6F8420E8C6BC008A7D5A /* MyWorkingListTests.swift */; };
		179B6F9020E8C6BC008A7D5A /* MyWorkingListUITests.swift in Sources */ = {isa = PBXBuildFile; fileRef = 179B6F8F20E8C6BC008A7D5A /* MyWorkingListUITests.swift */; };
		179B6FA220E8CC30008A7D5A /* MyWorkingList.xcdatamodeld in Sources */ = {isa = PBXBuildFile; fileRef = 179B6FA020E8CC30008A7D5A /* MyWorkingList.xcdatamodeld */; };
		179B6FA420E8F963008A7D5A /* README.md in Resources */ = {isa = PBXBuildFile; fileRef = 179B6FA320E8F963008A7D5A /* README.md */; };
		179B6FAB20EA8469008A7D5A /* model in Resources */ = {isa = PBXBuildFile; fileRef = 179B6FAA20EA8468008A7D5A /* model */; };
		CE9893C320EA019500E085EE /* TableViewCell.swift in Sources */ = {isa = PBXBuildFile; fileRef = CE9893C120EA019500E085EE /* TableViewCell.swift */; };
		CE9893C420EA019500E085EE /* TableViewCell.xib in Resources */ = {isa = PBXBuildFile; fileRef = CE9893C220EA019500E085EE /* TableViewCell.xib */; };
/* End PBXBuildFile section */

/* Begin PBXContainerItemProxy section */
		179B6F8120E8C6BC008A7D5A /* PBXContainerItemProxy */ = {
			isa = PBXContainerItemProxy;
			containerPortal = 179B6F6120E8C6B8008A7D5A /* Project object */;
			proxyType = 1;
			remoteGlobalIDString = 179B6F6820E8C6B8008A7D5A;
			remoteInfo = MyWorkingList;
		};
		179B6F8C20E8C6BC008A7D5A /* PBXContainerItemProxy */ = {
			isa = PBXContainerItemProxy;
			containerPortal = 179B6F6120E8C6B8008A7D5A /* Project object */;
			proxyType = 1;
			remoteGlobalIDString = 179B6F6820E8C6B8008A7D5A;
			remoteInfo = MyWorkingList;
		};
/* End PBXContainerItemProxy section */

/* Begin PBXFileReference section */
		179B6F6920E8C6B8008A7D5A /* MyWorkingList.app */ = {isa = PBXFileReference; explicitFileType = wrapper.application; includeInIndex = 0; path = MyWorkingList.app; sourceTree = BUILT_PRODUCTS_DIR; };
		179B6F6C20E8C6B8008A7D5A /* AppDelegate.swift */ = {isa = PBXFileReference; lastKnownFileType = sourcecode.swift; path = AppDelegate.swift; sourceTree = "<group>"; };
		179B6F6E20E8C6B8008A7D5A /* ViewController.swift */ = {isa = PBXFileReference; lastKnownFileType = sourcecode.swift; path = ViewController.swift; sourceTree = "<group>"; };
		179B6F7120E8C6B8008A7D5A /* Base */ = {isa = PBXFileReference; lastKnownFileType = file.storyboard; name = Base; path = Base.lproj/Main.storyboard; sourceTree = "<group>"; };
		179B6F7620E8C6BC008A7D5A /* Assets.xcassets */ = {isa = PBXFileReference; lastKnownFileType = folder.assetcatalog; path = Assets.xcassets; sourceTree = "<group>"; };
		179B6F7920E8C6BC008A7D5A /* Base */ = {isa = PBXFileReference; lastKnownFileType = file.storyboard; name = Base; path = Base.lproj/LaunchScreen.storyboard; sourceTree = "<group>"; };
		179B6F7B20E8C6BC008A7D5A /* Info.plist */ = {isa = PBXFileReference; lastKnownFileType = text.plist.xml; path = Info.plist; sourceTree = "<group>"; };
		179B6F8020E8C6BC008A7D5A /* MyWorkingListTests.xctest */ = {isa = PBXFileReference; explicitFileType = wrapper.cfbundle; includeInIndex = 0; path = MyWorkingListTests.xctest; sourceTree = BUILT_PRODUCTS_DIR; };
		179B6F8420E8C6BC008A7D5A /* MyWorkingListTests.swift */ = {isa = PBXFileReference; lastKnownFileType = sourcecode.swift; path = MyWorkingListTests.swift; sourceTree = "<group>"; };
		179B6F8620E8C6BC008A7D5A /* Info.plist */ = {isa = PBXFileReference; lastKnownFileType = text.plist.xml; path = Info.plist; sourceTree = "<group>"; };
		179B6F8B20E8C6BC008A7D5A /* MyWorkingListUITests.xctest */ = {isa = PBXFileReference; explicitFileType = wrapper.cfbundle; includeInIndex = 0; path = MyWorkingListUITests.xctest; sourceTree = BUILT_PRODUCTS_DIR; };
		179B6F8F20E8C6BC008A7D5A /* MyWorkingListUITests.swift */ = {isa = PBXFileReference; lastKnownFileType = sourcecode.swift; path = MyWorkingListUITests.swift; sourceTree = "<group>"; };
		179B6F9120E8C6BC008A7D5A /* Info.plist */ = {isa = PBXFileReference; lastKnownFileType = text.plist.xml; path = Info.plist; sourceTree = "<group>"; };
		179B6FA120E8CC30008A7D5A /* MyWorkingList.xcdatamodel */ = {isa = PBXFileReference; lastKnownFileType = wrapper.xcdatamodel; path = MyWorkingList.xcdatamodel; sourceTree = "<group>"; };
		179B6FA320E8F963008A7D5A /* README.md */ = {isa = PBXFileReference; fileEncoding = 4; lastKnownFileType = net.daringfireball.markdown; path = README.md; sourceTree = "<group>"; };
		179B6FAA20EA8468008A7D5A /* model */ = {isa = PBXFileReference; lastKnownFileType = folder; path = model; sourceTree = "<group>"; };
		CE9893C120EA019500E085EE /* TableViewCell.swift */ = {isa = PBXFileReference; lastKnownFileType = sourcecode.swift; path = TableViewCell.swift; sourceTree = "<group>"; };
		CE9893C220EA019500E085EE /* TableViewCell.xib */ = {isa = PBXFileReference; lastKnownFileType = file.xib; path = TableViewCell.xib; sourceTree = "<group>"; };
/* End PBXFileReference section */

/* Begin PBXFrameworksBuildPhase section */
		179B6F6620E8C6B8008A7D5A /* Frameworks */ = {
			isa = PBXFrameworksBuildPhase;
			buildActionMask = 2147483647;
			files = (
			);
			runOnlyForDeploymentPostprocessing = 0;
		};
		179B6F7D20E8C6BC008A7D5A /* Frameworks */ = {
			isa = PBXFrameworksBuildPhase;
			buildActionMask = 2147483647;
			files = (
			);
			runOnlyForDeploymentPostprocessing = 0;
		};
		179B6F8820E8C6BC008A7D5A /* Frameworks */ = {
			isa = PBXFrameworksBuildPhase;
			buildActionMask = 2147483647;
			files = (
			);
			runOnlyForDeploymentPostprocessing = 0;
		};
/* End PBXFrameworksBuildPhase section */

/* Begin PBXGroup section */
		179B6F6020E8C6B8008A7D5A = {
			isa = PBXGroup;
			children = (
				179B6FA320E8F963008A7D5A /* README.md */,
				179B6F6B20E8C6B8008A7D5A /* MyWorkingList */,
				179B6F8320E8C6BC008A7D5A /* MyWorkingListTests */,
				179B6F8E20E8C6BC008A7D5A /* MyWorkingListUITests */,
				179B6F6A20E8C6B8008A7D5A /* Products */,
			);
			sourceTree = "<group>";
		};
		179B6F6A20E8C6B8008A7D5A /* Products */ = {
			isa = PBXGroup;
			children = (
				179B6F6920E8C6B8008A7D5A /* MyWorkingList.app */,
				179B6F8020E8C6BC008A7D5A /* MyWorkingListTests.xctest */,
				179B6F8B20E8C6BC008A7D5A /* MyWorkingListUITests.xctest */,
			);
			name = Products;
			sourceTree = "<group>";
		};
		179B6F6B20E8C6B8008A7D5A /* MyWorkingList */ = {
			isa = PBXGroup;
			children = (
				179B6FAA20EA8468008A7D5A /* model */,
				179B6FA020E8CC30008A7D5A /* MyWorkingList.xcdatamodeld */,
				179B6F6C20E8C6B8008A7D5A /* AppDelegate.swift */,
				179B6F6E20E8C6B8008A7D5A /* ViewController.swift */,
				179B6F7020E8C6B8008A7D5A /* Main.storyboard */,
				179B6F7620E8C6BC008A7D5A /* Assets.xcassets */,
				179B6F7820E8C6BC008A7D5A /* LaunchScreen.storyboard */,
				179B6F7B20E8C6BC008A7D5A /* Info.plist */,
				CE9893C120EA019500E085EE /* TableViewCell.swift */,
				CE9893C220EA019500E085EE /* TableViewCell.xib */,
			);
			path = MyWorkingList;
			sourceTree = "<group>";
		};
		179B6F8320E8C6BC008A7D5A /* MyWorkingListTests */ = {
			isa = PBXGroup;
			children = (
				179B6F8420E8C6BC008A7D5A /* MyWorkingListTests.swift */,
				179B6F8620E8C6BC008A7D5A /* Info.plist */,
			);
			path = MyWorkingListTests;
			sourceTree = "<group>";
		};
		179B6F8E20E8C6BC008A7D5A /* MyWorkingListUITests */ = {
			isa = PBXGroup;
			children = (
				179B6F8F20E8C6BC008A7D5A /* MyWorkingListUITests.swift */,
				179B6F9120E8C6BC008A7D5A /* Info.plist */,
			);
			path = MyWorkingListUITests;
			sourceTree = "<group>";
		};
/* End PBXGroup section */

/* Begin PBXNativeTarget section */
		179B6F6820E8C6B8008A7D5A /* MyWorkingList */ = {
			isa = PBXNativeTarget;
			buildConfigurationList = 179B6F9420E8C6BC008A7D5A /* Build configuration list for PBXNativeTarget "MyWorkingList" */;
			buildPhases = (
				179B6F6520E8C6B8008A7D5A /* Sources */,
				179B6F6620E8C6B8008A7D5A /* Frameworks */,
				179B6F6720E8C6B8008A7D5A /* Resources */,
			);
			buildRules = (
			);
			dependencies = (
			);
			name = MyWorkingList;
			productName = MyWorkingList;
			productReference = 179B6F6920E8C6B8008A7D5A /* MyWorkingList.app */;
			productType = "com.apple.product-type.application";
		};
		179B6F7F20E8C6BC008A7D5A /* MyWorkingListTests */ = {
			isa = PBXNativeTarget;
			buildConfigurationList = 179B6F9720E8C6BC008A7D5A /* Build configuration list for PBXNativeTarget "MyWorkingListTests" */;
			buildPhases = (
				179B6F7C20E8C6BC008A7D5A /* Sources */,
				179B6F7D20E8C6BC008A7D5A /* Frameworks */,
				179B6F7E20E8C6BC008A7D5A /* Resources */,
			);
			buildRules = (
			);
			dependencies = (
				179B6F8220E8C6BC008A7D5A /* PBXTargetDependency */,
			);
			name = MyWorkingListTests;
			productName = MyWorkingListTests;
			productReference = 179B6F8020E8C6BC008A7D5A /* MyWorkingListTests.xctest */;
			productType = "com.apple.product-type.bundle.unit-test";
		};
		179B6F8A20E8C6BC008A7D5A /* MyWorkingListUITests */ = {
			isa = PBXNativeTarget;
			buildConfigurationList = 179B6F9A20E8C6BC008A7D5A /* Build configuration list for PBXNativeTarget "MyWorkingListUITests" */;
			buildPhases = (
				179B6F8720E8C6BC008A7D5A /* Sources */,
				179B6F8820E8C6BC008A7D5A /* Frameworks */,
				179B6F8920E8C6BC008A7D5A /* Resources */,
			);
			buildRules = (
			);
			dependencies = (
				179B6F8D20E8C6BC008A7D5A /* PBXTargetDependency */,
			);
			name = MyWorkingListUITests;
			productName = MyWorkingListUITests;
			productReference = 179B6F8B20E8C6BC008A7D5A /* MyWorkingListUITests.xctest */;
			productType = "com.apple.product-type.bundle.ui-testing";
		};
/* End PBXNativeTarget section */

/* Begin PBXProject section */
		179B6F6120E8C6B8008A7D5A /* Project object */ = {
			isa = PBXProject;
			attributes = {
				LastSwiftUpdateCheck = 0940;
				LastUpgradeCheck = 0940;
				ORGANIZATIONNAME = OQ;
				TargetAttributes = {
					179B6F6820E8C6B8008A7D5A = {
						CreatedOnToolsVersion = 9.4.1;
					};
					179B6F7F20E8C6BC008A7D5A = {
						CreatedOnToolsVersion = 9.4.1;
						TestTargetID = 179B6F6820E8C6B8008A7D5A;
					};
					179B6F8A20E8C6BC008A7D5A = {
						CreatedOnToolsVersion = 9.4.1;
						TestTargetID = 179B6F6820E8C6B8008A7D5A;
					};
				};
			};
			buildConfigurationList = 179B6F6420E8C6B8008A7D5A /* Build configuration list for PBXProject "MyWorkingList" */;
			compatibilityVersion = "Xcode 9.3";
			developmentRegion = en;
			hasScannedForEncodings = 0;
			knownRegions = (
				en,
				Base,
			);
			mainGroup = 179B6F6020E8C6B8008A7D5A;
			productRefGroup = 179B6F6A20E8C6B8008A7D5A /* Products */;
			projectDirPath = "";
			projectRoot = "";
			targets = (
				179B6F6820E8C6B8008A7D5A /* MyWorkingList */,
				179B6F7F20E8C6BC008A7D5A /* MyWorkingListTests */,
				179B6F8A20E8C6BC008A7D5A /* MyWorkingListUITests */,
			);
		};
/* End PBXProject section */

/* Begin PBXResourcesBuildPhase section */
		179B6F6720E8C6B8008A7D5A /* Resources */ = {
			isa = PBXResourcesBuildPhase;
			buildActionMask = 2147483647;
			files = (
				179B6FAB20EA8469008A7D5A /* model in Resources */,
				179B6F7A20E8C6BC008A7D5A /* LaunchScreen.storyboard in Resources */,
				CE9893C420EA019500E085EE /* TableViewCell.xib in Resources */,
				179B6F7720E8C6BC008A7D5A /* Assets.xcassets in Resources */,
				179B6FA420E8F963008A7D5A /* README.md in Resources */,
				179B6F7220E8C6B8008A7D5A /* Main.storyboard in Resources */,
			);
			runOnlyForDeploymentPostprocessing = 0;
		};
		179B6F7E20E8C6BC008A7D5A /* Resources */ = {
			isa = PBXResourcesBuildPhase;
			buildActionMask = 2147483647;
			files = (
			);
			runOnlyForDeploymentPostprocessing = 0;
		};
		179B6F8920E8C6BC008A7D5A /* Resources */ = {
			isa = PBXResourcesBuildPhase;
			buildActionMask = 2147483647;
			files = (
			);
			runOnlyForDeploymentPostprocessing = 0;
		};
/* End PBXResourcesBuildPhase section */

/* Begin PBXSourcesBuildPhase section */
		179B6F6520E8C6B8008A7D5A /* Sources */ = {
			isa = PBXSourcesBuildPhase;
			buildActionMask = 2147483647;
			files = (
				179B6F6F20E8C6B8008A7D5A /* ViewController.swift in Sources */,
				CE9893C320EA019500E085EE /* TableViewCell.swift in Sources */,
				179B6F6D20E8C6B8008A7D5A /* AppDelegate.swift in Sources */,
				179B6FA220E8CC30008A7D5A /* MyWorkingList.xcdatamodeld in Sources */,
			);
			runOnlyForDeploymentPostprocessing = 0;
		};
		179B6F7C20E8C6BC008A7D5A /* Sources */ = {
			isa = PBXSourcesBuildPhase;
			buildActionMask = 2147483647;
			files = (
				179B6F8520E8C6BC008A7D5A /* MyWorkingListTests.swift in Sources */,
			);
			runOnlyForDeploymentPostprocessing = 0;
		};
		179B6F8720E8C6BC008A7D5A /* Sources */ = {
			isa = PBXSourcesBuildPhase;
			buildActionMask = 2147483647;
			files = (
				179B6F9020E8C6BC008A7D5A /* MyWorkingListUITests.swift in Sources */,
			);
			runOnlyForDeploymentPostprocessing = 0;
		};
/* End PBXSourcesBuildPhase section */

/* Begin PBXTargetDependency section */
		179B6F8220E8C6BC008A7D5A /* PBXTargetDependency */ = {
			isa = PBXTargetDependency;
			target = 179B6F6820E8C6B8008A7D5A /* MyWorkingList */;
			targetProxy = 179B6F8120E8C6BC008A7D5A /* PBXContainerItemProxy */;
		};
		179B6F8D20E8C6BC008A7D5A /* PBXTargetDependency */ = {
			isa = PBXTargetDependency;
			target = 179B6F6820E8C6B8008A7D5A /* MyWorkingList */;
			targetProxy = 179B6F8C20E8C6BC008A7D5A /* PBXContainerItemProxy */;
		};
/* End PBXTargetDependency section */

/* Begin PBXVariantGroup section */
		179B6F7020E8C6B8008A7D5A /* Main.storyboard */ = {
			isa = PBXVariantGroup;
			children = (
				179B6F7120E8C6B8008A7D5A /* Base */,
			);
			name = Main.storyboard;
			sourceTree = "<group>";
		};
		179B6F7820E8C6BC008A7D5A /* LaunchScreen.storyboard */ = {
			isa = PBXVariantGroup;
			children = (
				179B6F7920E8C6BC008A7D5A /* Base */,
			);
			name = LaunchScreen.storyboard;
			sourceTree = "<group>";
		};
/* End PBXVariantGroup section */

/* Begin XCBuildConfiguration section */
		179B6F9220E8C6BC008A7D5A /* Debug */ = {
			isa = XCBuildConfiguration;
			buildSettings = {
				ALWAYS_SEARCH_USER_PATHS = NO;
				CLANG_ANALYZER_NONNULL = YES;
				CLANG_ANALYZER_NUMBER_OBJECT_CONVERSION = YES_AGGRESSIVE;
				CLANG_CXX_LANGUAGE_STANDARD = "gnu++14";
				CLANG_CXX_LIBRARY = "libc++";
				CLANG_ENABLE_MODULES = YES;
				CLANG_ENABLE_OBJC_ARC = YES;
				CLANG_ENABLE_OBJC_WEAK = YES;
				CLANG_WARN_BLOCK_CAPTURE_AUTORELEASING = YES;
				CLANG_WARN_BOOL_CONVERSION = YES;
				CLANG_WARN_COMMA = YES;
				CLANG_WARN_CONSTANT_CONVERSION = YES;
				CLANG_WARN_DEPRECATED_OBJC_IMPLEMENTATIONS = YES;
				CLANG_WARN_DIRECT_OBJC_ISA_USAGE = YES_ERROR;
				CLANG_WARN_DOCUMENTATION_COMMENTS = YES;
				CLANG_WARN_EMPTY_BODY = YES;
				CLANG_WARN_ENUM_CONVERSION = YES;
				CLANG_WARN_INFINITE_RECURSION = YES;
				CLANG_WARN_INT_CONVERSION = YES;
				CLANG_WARN_NON_LITERAL_NULL_CONVERSION = YES;
				CLANG_WARN_OBJC_IMPLICIT_RETAIN_SELF = YES;
				CLANG_WARN_OBJC_LITERAL_CONVERSION = YES;
				CLANG_WARN_OBJC_ROOT_CLASS = YES_ERROR;
				CLANG_WARN_RANGE_LOOP_ANALYSIS = YES;
				CLANG_WARN_STRICT_PROTOTYPES = YES;
				CLANG_WARN_SUSPICIOUS_MOVE = YES;
				CLANG_WARN_UNGUARDED_AVAILABILITY = YES_AGGRESSIVE;
				CLANG_WARN_UNREACHABLE_CODE = YES;
				CLANG_WARN__DUPLICATE_METHOD_MATCH = YES;
				CODE_SIGN_IDENTITY = "iPhone Developer";
				COPY_PHASE_STRIP = NO;
				DEBUG_INFORMATION_FORMAT = dwarf;
				ENABLE_STRICT_OBJC_MSGSEND = YES;
				ENABLE_TESTABILITY = YES;
				GCC_C_LANGUAGE_STANDARD = gnu11;
				GCC_DYNAMIC_NO_PIC = NO;
				GCC_NO_COMMON_BLOCKS = YES;
				GCC_OPTIMIZATION_LEVEL = 0;
				GCC_PREPROCESSOR_DEFINITIONS = (
					"DEBUG=1",
					"$(inherited)",
				);
				GCC_WARN_64_TO_32_BIT_CONVERSION = YES;
				GCC_WARN_ABOUT_RETURN_TYPE = YES_ERROR;
				GCC_WARN_UNDECLARED_SELECTOR = YES;
				GCC_WARN_UNINITIALIZED_AUTOS = YES_AGGRESSIVE;
				GCC_WARN_UNUSED_FUNCTION = YES;
				GCC_WARN_UNUSED_VARIABLE = YES;
				IPHONEOS_DEPLOYMENT_TARGET = 11.4;
				MTL_ENABLE_DEBUG_INFO = YES;
				ONLY_ACTIVE_ARCH = YES;
				SDKROOT = iphoneos;
				SWIFT_ACTIVE_COMPILATION_CONDITIONS = DEBUG;
				SWIFT_OPTIMIZATION_LEVEL = "-Onone";
			};
			name = Debug;
		};
		179B6F9320E8C6BC008A7D5A /* Release */ = {
			isa = XCBuildConfiguration;
			buildSettings = {
				ALWAYS_SEARCH_USER_PATHS = NO;
				CLANG_ANALYZER_NONNULL = YES;
				CLANG_ANALYZER_NUMBER_OBJECT_CONVERSION = YES_AGGRESSIVE;
				CLANG_CXX_LANGUAGE_STANDARD = "gnu++14";
				CLANG_CXX_LIBRARY = "libc++";
				CLANG_ENABLE_MODULES = YES;
				CLANG_ENABLE_OBJC_ARC = YES;
				CLANG_ENABLE_OBJC_WEAK = YES;
				CLANG_WARN_BLOCK_CAPTURE_AUTORELEASING = YES;
				CLANG_WARN_BOOL_CONVERSION = YES;
				CLANG_WARN_COMMA = YES;
				CLANG_WARN_CONSTANT_CONVERSION = YES;
				CLANG_WARN_DEPRECATED_OBJC_IMPLEMENTATIONS = YES;
				CLANG_WARN_DIRECT_OBJC_ISA_USAGE = YES_ERROR;
				CLANG_WARN_DOCUMENTATION_COMMENTS = YES;
				CLANG_WARN_EMPTY_BODY = YES;
				CLANG_WARN_ENUM_CONVERSION = YES;
				CLANG_WARN_INFINITE_RECURSION = YES;
				CLANG_WARN_INT_CONVERSION = YES;
				CLANG_WARN_NON_LITERAL_NULL_CONVERSION = YES;
				CLANG_WARN_OBJC_IMPLICIT_RETAIN_SELF = YES;
				CLANG_WARN_OBJC_LITERAL_CONVERSION = YES;
				CLANG_WARN_OBJC_ROOT_CLASS = YES_ERROR;
				CLANG_WARN_RANGE_LOOP_ANALYSIS = YES;
				CLANG_WARN_STRICT_PROTOTYPES = YES;
				CLANG_WARN_SUSPICIOUS_MOVE = YES;
				CLANG_WARN_UNGUARDED_AVAILABILITY = YES_AGGRESSIVE;
				CLANG_WARN_UNREACHABLE_CODE = YES;
				CLANG_WARN__DUPLICATE_METHOD_MATCH = YES;
				CODE_SIGN_IDENTITY = "iPhone Developer";
				COPY_PHASE_STRIP = NO;
				DEBUG_INFORMATION_FORMAT = "dwarf-with-dsym";
				ENABLE_NS_ASSERTIONS = NO;
				ENABLE_STRICT_OBJC_MSGSEND = YES;
				GCC_C_LANGUAGE_STANDARD = gnu11;
				GCC_NO_COMMON_BLOCKS = YES;
				GCC_WARN_64_TO_32_BIT_CONVERSION = YES;
				GCC_WARN_ABOUT_RETURN_TYPE = YES_ERROR;
				GCC_WARN_UNDECLARED_SELECTOR = YES;
				GCC_WARN_UNINITIALIZED_AUTOS = YES_AGGRESSIVE;
				GCC_WARN_UNUSED_FUNCTION = YES;
				GCC_WARN_UNUSED_VARIABLE = YES;
				IPHONEOS_DEPLOYMENT_TARGET = 11.4;
				MTL_ENABLE_DEBUG_INFO = NO;
				SDKROOT = iphoneos;
				SWIFT_COMPILATION_MODE = wholemodule;
				SWIFT_OPTIMIZATION_LEVEL = "-O";
				VALIDATE_PRODUCT = YES;
			};
			name = Release;
		};
		179B6F9520E8C6BC008A7D5A /* Debug */ = {
			isa = XCBuildConfiguration;
			buildSettings = {
				ASSETCATALOG_COMPILER_APPICON_NAME = AppIcon;
				CODE_SIGN_STYLE = Manual;
				DEVELOPMENT_TEAM = Z97K7ZHNKX;
				INFOPLIST_FILE = MyWorkingList/Info.plist;
				IPHONEOS_DEPLOYMENT_TARGET = 10.0;
				LD_RUNPATH_SEARCH_PATHS = (
					"$(inherited)",
					"@executable_path/Frameworks",
				);
				PRODUCT_BUNDLE_IDENTIFIER = com.oq.MyWorkingList;
				PRODUCT_NAME = "$(TARGET_NAME)";
				PROVISIONING_PROFILE = "7426903f-c658-429f-801d-461d75b27850";
				PROVISIONING_PROFILE_SPECIFIER = "MyWorkingList Dev 2018";
				SWIFT_VERSION = 4.0;
				TARGETED_DEVICE_FAMILY = "1,2";
			};
			name = Debug;
		};
		179B6F9620E8C6BC008A7D5A /* Release */ = {
			isa = XCBuildConfiguration;
			buildSettings = {
				ASSETCATALOG_COMPILER_APPICON_NAME = AppIcon;
				CODE_SIGN_STYLE = Manual;
				DEVELOPMENT_TEAM = "";
				INFOPLIST_FILE = MyWorkingList/Info.plist;
				IPHONEOS_DEPLOYMENT_TARGET = 10.0;
				LD_RUNPATH_SEARCH_PATHS = (
					"$(inherited)",
					"@executable_path/Frameworks",
				);
				PRODUCT_BUNDLE_IDENTIFIER = com.oq.MyWorkingList;
				PRODUCT_NAME = "$(TARGET_NAME)";
				PROVISIONING_PROFILE_SPECIFIER = "";
				SWIFT_VERSION = 4.0;
				TARGETED_DEVICE_FAMILY = "1,2";
			};
			name = Release;
		};
		179B6F9820E8C6BC008A7D5A /* Debug */ = {
			isa = XCBuildConfiguration;
			buildSettings = {
				ALWAYS_EMBED_SWIFT_STANDARD_LIBRARIES = YES;
				BUNDLE_LOADER = "$(TEST_HOST)";
				CODE_SIGN_STYLE = Automatic;
				DEVELOPMENT_TEAM = 5T9LN79RPK;
				INFOPLIST_FILE = MyWorkingListTests/Info.plist;
				LD_RUNPATH_SEARCH_PATHS = (
					"$(inherited)",
					"@executable_path/Frameworks",
					"@loader_path/Frameworks",
				);
				PRODUCT_BUNDLE_IDENTIFIER = oq.MyWorkingListTests;
				PRODUCT_NAME = "$(TARGET_NAME)";
				SWIFT_VERSION = 4.0;
				TARGETED_DEVICE_FAMILY = "1,2";
				TEST_HOST = "$(BUILT_PRODUCTS_DIR)/MyWorkingList.app/MyWorkingList";
			};
			name = Debug;
		};
		179B6F9920E8C6BC008A7D5A /* Release */ = {
			isa = XCBuildConfiguration;
			buildSettings = {
				ALWAYS_EMBED_SWIFT_STANDARD_LIBRARIES = YES;
				BUNDLE_LOADER = "$(TEST_HOST)";
				CODE_SIGN_STYLE = Automatic;
				DEVELOPMENT_TEAM = 5T9LN79RPK;
				INFOPLIST_FILE = MyWorkingListTests/Info.plist;
				LD_RUNPATH_SEARCH_PATHS = (
					"$(inherited)",
					"@executable_path/Frameworks",
					"@loader_path/Frameworks",
				);
				PRODUCT_BUNDLE_IDENTIFIER = oq.MyWorkingListTests;
				PRODUCT_NAME = "$(TARGET_NAME)";
				SWIFT_VERSION = 4.0;
				TARGETED_DEVICE_FAMILY = "1,2";
				TEST_HOST = "$(BUILT_PRODUCTS_DIR)/MyWorkingList.app/MyWorkingList";
			};
			name = Release;
		};
		179B6F9B20E8C6BC008A7D5A /* Debug */ = {
			isa = XCBuildConfiguration;
			buildSettings = {
				ALWAYS_EMBED_SWIFT_STANDARD_LIBRARIES = YES;
				CODE_SIGN_STYLE = Automatic;
				DEVELOPMENT_TEAM = 5T9LN79RPK;
				INFOPLIST_FILE = MyWorkingListUITests/Info.plist;
				LD_RUNPATH_SEARCH_PATHS = (
					"$(inherited)",
					"@executable_path/Frameworks",
					"@loader_path/Frameworks",
				);
				PRODUCT_BUNDLE_IDENTIFIER = oq.MyWorkingListUITests;
				PRODUCT_NAME = "$(TARGET_NAME)";
				SWIFT_VERSION = 4.0;
				TARGETED_DEVICE_FAMILY = "1,2";
				TEST_TARGET_NAME = MyWorkingList;
			};
			name = Debug;
		};
		179B6F9C20E8C6BC008A7D5A /* Release */ = {
			isa = XCBuildConfiguration;
			buildSettings = {
				ALWAYS_EMBED_SWIFT_STANDARD_LIBRARIES = YES;
				CODE_SIGN_STYLE = Automatic;
				DEVELOPMENT_TEAM = 5T9LN79RPK;
				INFOPLIST_FILE = MyWorkingListUITests/Info.plist;
				LD_RUNPATH_SEARCH_PATHS = (
					"$(inherited)",
					"@executable_path/Frameworks",
					"@loader_path/Frameworks",
				);
				PRODUCT_BUNDLE_IDENTIFIER = oq.MyWorkingListUITests;
				PRODUCT_NAME = "$(TARGET_NAME)";
				SWIFT_VERSION = 4.0;
				TARGETED_DEVICE_FAMILY = "1,2";
				TEST_TARGET_NAME = MyWorkingList;
			};
			name = Release;
		};
/* End XCBuildConfiguration section */

/* Begin XCConfigurationList section */
		179B6F6420E8C6B8008A7D5A /* Build configuration list for PBXProject "MyWorkingList" */ = {
			isa = XCConfigurationList;
			buildConfigurations = (
				179B6F9220E8C6BC008A7D5A /* Debug */,
				179B6F9320E8C6BC008A7D5A /* Release */,
			);
			defaultConfigurationIsVisible = 0;
			defaultConfigurationName = Release;
		};
		179B6F9420E8C6BC008A7D5A /* Build configuration list for PBXNativeTarget "MyWorkingList" */ = {
			isa = XCConfigurationList;
			buildConfigurations = (
				179B6F9520E8C6BC008A7D5A /* Debug */,
				179B6F9620E8C6BC008A7D5A /* Release */,
			);
			defaultConfigurationIsVisible = 0;
			defaultConfigurationName = Release;
		};
		179B6F9720E8C6BC008A7D5A /* Build configuration list for PBXNativeTarget "MyWorkingListTests" */ = {
			isa = XCConfigurationList;
			buildConfigurations = (
				179B6F9820E8C6BC008A7D5A /* Debug */,
				179B6F9920E8C6BC008A7D5A /* Release */,
			);
			defaultConfigurationIsVisible = 0;
			defaultConfigurationName = Release;
		};
		179B6F9A20E8C6BC008A7D5A /* Build configuration list for PBXNativeTarget "MyWorkingListUITests" */ = {
			isa = XCConfigurationList;
			buildConfigurations = (
				179B6F9B20E8C6BC008A7D5A /* Debug */,
				179B6F9C20E8C6BC008A7D5A /* Release */,
			);
			defaultConfigurationIsVisible = 0;
			defaultConfigurationName = Release;
		};
/* End XCConfigurationList section */

/* Begin XCVersionGroup section */
		179B6FA020E8CC30008A7D5A /* MyWorkingList.xcdatamodeld */ = {
			isa = XCVersionGroup;
			children = (
				179B6FA120E8CC30008A7D5A /* MyWorkingList.xcdatamodel */,
			);
			currentVersion = 179B6FA120E8CC30008A7D5A /* MyWorkingList.xcdatamodel */;
			path = MyWorkingList.xcdatamodeld;
			sourceTree = "<group>";
			versionGroupType = wrapper.xcdatamodel;
		};
/* End XCVersionGroup section */
	};
	rootObject = 179B6F6120E8C6B8008A7D5A /* Project object */;
}
