// !$*UTF8*$!
{
	archiveVersion = 1;
	classes = {
	};
	objectVersion = 51;
	objects = {

/* Begin PBXBuildFile section */
		175C1BC422684EFF006F753F /* InfoPlist.strings in Resources */ = {isa = PBXBuildFile; fileRef = 175C1BC622684EFF006F753F /* InfoPlist.strings */; };
		179B6F6D20E8C6B8008A7D5A /* AppDelegate.swift in Sources */ = {isa = PBXBuildFile; fileRef = 179B6F6C20E8C6B8008A7D5A /* AppDelegate.swift */; };
		179B6F6F20E8C6B8008A7D5A /* ViewController.swift in Sources */ = {isa = PBXBuildFile; fileRef = 179B6F6E20E8C6B8008A7D5A /* ViewController.swift */; };
		179B6F7720E8C6BC008A7D5A /* Assets.xcassets in Resources */ = {isa = PBXBuildFile; fileRef = 179B6F7620E8C6BC008A7D5A /* Assets.xcassets */; };
		179B6FA220E8CC30008A7D5A /* MyWorkingList.xcdatamodeld in Sources */ = {isa = PBXBuildFile; fileRef = 179B6FA020E8CC30008A7D5A /* MyWorkingList.xcdatamodeld */; };
		179B6FA420E8F963008A7D5A /* README.md in Resources */ = {isa = PBXBuildFile; fileRef = 179B6FA320E8F963008A7D5A /* README.md */; };
		3CD8C8C9231FB38000D7CDC8 /* StoreKit.framework in Frameworks */ = {isa = PBXBuildFile; fileRef = 3CD8C8C8231FB38000D7CDC8 /* StoreKit.framework */; };
		3CD8C8D62320DA9000D7CDC8 /* OQ+String.swift in Sources */ = {isa = PBXBuildFile; fileRef = 3CD8C8D52320DA9000D7CDC8 /* OQ+String.swift */; };
		955BB2BAA7DD9A3DC9D1BC17 /* Pods_MyWorkingList.framework in Frameworks */ = {isa = PBXBuildFile; fileRef = 10572EB58D66C6CEE3A6041D /* Pods_MyWorkingList.framework */; };
		C370BF412325E35F00E321E6 /* PremiumProducts.swift in Sources */ = {isa = PBXBuildFile; fileRef = C370BF3F2325E35F00E321E6 /* PremiumProducts.swift */; };
		C370BF422325E35F00E321E6 /* IAPHelper.swift in Sources */ = {isa = PBXBuildFile; fileRef = C370BF402325E35F00E321E6 /* IAPHelper.swift */; };
		CE1E5D53216DB73600266B64 /* LaunchScreen.storyboard in Resources */ = {isa = PBXBuildFile; fileRef = CE1E5D4F216DB73600266B64 /* LaunchScreen.storyboard */; };
		CE1E5D54216DB73600266B64 /* Main.storyboard in Resources */ = {isa = PBXBuildFile; fileRef = CE1E5D51216DB73600266B64 /* Main.storyboard */; };
		CE24B26D20F4AB720064FBB5 /* DetailViewController.swift in Sources */ = {isa = PBXBuildFile; fileRef = CE24B26B20F4AB720064FBB5 /* DetailViewController.swift */; };
		CE24B26E20F4AB720064FBB5 /* DetailViewController.xib in Resources */ = {isa = PBXBuildFile; fileRef = CE24B26C20F4AB720064FBB5 /* DetailViewController.xib */; };
		CE73F5AC224DFA3500ED2A50 /* AlarmSettingViewController.swift in Sources */ = {isa = PBXBuildFile; fileRef = CE73F5AA224DFA3500ED2A50 /* AlarmSettingViewController.swift */; };
		CE73F5AD224DFA3500ED2A50 /* AlarmSettingViewController.xib in Resources */ = {isa = PBXBuildFile; fileRef = CE73F5AB224DFA3500ED2A50 /* AlarmSettingViewController.xib */; };
		CE9893C320EA019500E085EE /* TableViewCell.swift in Sources */ = {isa = PBXBuildFile; fileRef = CE9893C120EA019500E085EE /* TableViewCell.swift */; };
		CE9893C420EA019500E085EE /* TableViewCell.xib in Resources */ = {isa = PBXBuildFile; fileRef = CE9893C220EA019500E085EE /* TableViewCell.xib */; };
		CEAC645420EDAA930019935B /* CloudKit.framework in Frameworks */ = {isa = PBXBuildFile; fileRef = CEAC645320EDAA930019935B /* CloudKit.framework */; };
		CEAC645820EDEA9A0019935B /* PinWheelView.swift in Sources */ = {isa = PBXBuildFile; fileRef = CEAC645720EDEA9A0019935B /* PinWheelView.swift */; };
		CEAC645B20EE0CA90019935B /* SharedData.swift in Sources */ = {isa = PBXBuildFile; fileRef = CEAC645A20EE0CA90019935B /* SharedData.swift */; };
		CEC9447B20EF24A60092CF5D /* myWorkspace.swift in Sources */ = {isa = PBXBuildFile; fileRef = CEC9447A20EF24A60092CF5D /* myWorkspace.swift */; };
		CED2FD7520ECA88A0021F514 /* baseline_calendar@2x.png in Resources */ = {isa = PBXBuildFile; fileRef = CED2FD7320ECA8890021F514 /* baseline_calendar@2x.png */; };
		CED2FD7620ECA88A0021F514 /* baseline_calendar@3x.png in Resources */ = {isa = PBXBuildFile; fileRef = CED2FD7420ECA88A0021F514 /* baseline_calendar@3x.png */; };
		CED2FD7A20ECB9270021F514 /* SideViewController.swift in Sources */ = {isa = PBXBuildFile; fileRef = CED2FD7820ECB9270021F514 /* SideViewController.swift */; };
		CED2FD7B20ECB9270021F514 /* SideViewController.xib in Resources */ = {isa = PBXBuildFile; fileRef = CED2FD7920ECB9270021F514 /* SideViewController.xib */; };
		CEEC51C420EAFA6D00C4A770 /* myTask.swift in Sources */ = {isa = PBXBuildFile; fileRef = CEEC51C320EAFA6D00C4A770 /* myTask.swift */; };
		CEEDB8CB21660E1300F6860F /* CalendarViewController.swift in Sources */ = {isa = PBXBuildFile; fileRef = CEEDB8C921660E1300F6860F /* CalendarViewController.swift */; };
		CEEDB8CC21660E1300F6860F /* CalendarViewController.xib in Resources */ = {isa = PBXBuildFile; fileRef = CEEDB8CA21660E1300F6860F /* CalendarViewController.xib */; };
/* End PBXBuildFile section */

/* Begin PBXFileReference section */
		10572EB58D66C6CEE3A6041D /* Pods_MyWorkingList.framework */ = {isa = PBXFileReference; explicitFileType = wrapper.framework; includeInIndex = 0; path = Pods_MyWorkingList.framework; sourceTree = BUILT_PRODUCTS_DIR; };
		175C1BC522684EFF006F753F /* en */ = {isa = PBXFileReference; lastKnownFileType = text.plist.strings; name = en; path = en.lproj/InfoPlist.strings; sourceTree = "<group>"; };
		175C1BC722684F01006F753F /* ko */ = {isa = PBXFileReference; lastKnownFileType = text.plist.strings; name = ko; path = ko.lproj/InfoPlist.strings; sourceTree = "<group>"; };
		175C1BC822684F02006F753F /* fr */ = {isa = PBXFileReference; lastKnownFileType = text.plist.strings; name = fr; path = fr.lproj/InfoPlist.strings; sourceTree = "<group>"; };
		175C1BC922684F03006F753F /* zh-Hans */ = {isa = PBXFileReference; lastKnownFileType = text.plist.strings; name = "zh-Hans"; path = "zh-Hans.lproj/InfoPlist.strings"; sourceTree = "<group>"; };
		175C1BCA22684F07006F753F /* zh-Hant */ = {isa = PBXFileReference; lastKnownFileType = text.plist.strings; name = "zh-Hant"; path = "zh-Hant.lproj/InfoPlist.strings"; sourceTree = "<group>"; };
		175C1BCB22684F08006F753F /* es */ = {isa = PBXFileReference; lastKnownFileType = text.plist.strings; name = es; path = es.lproj/InfoPlist.strings; sourceTree = "<group>"; };
		175C1BCC22684F08006F753F /* pt-BR */ = {isa = PBXFileReference; lastKnownFileType = text.plist.strings; name = "pt-BR"; path = "pt-BR.lproj/InfoPlist.strings"; sourceTree = "<group>"; };
		175C1BCD22684F09006F753F /* nl */ = {isa = PBXFileReference; lastKnownFileType = text.plist.strings; name = nl; path = nl.lproj/InfoPlist.strings; sourceTree = "<group>"; };
		175C1BCE22684F0A006F753F /* de */ = {isa = PBXFileReference; lastKnownFileType = text.plist.strings; name = de; path = de.lproj/InfoPlist.strings; sourceTree = "<group>"; };
		175C1BCF22684F0B006F753F /* ja */ = {isa = PBXFileReference; lastKnownFileType = text.plist.strings; name = ja; path = ja.lproj/InfoPlist.strings; sourceTree = "<group>"; };
		175C1BD022684F0B006F753F /* es-419 */ = {isa = PBXFileReference; lastKnownFileType = text.plist.strings; name = "es-419"; path = "es-419.lproj/InfoPlist.strings"; sourceTree = "<group>"; };
		175C1BD122684F0C006F753F /* it */ = {isa = PBXFileReference; lastKnownFileType = text.plist.strings; name = it; path = it.lproj/InfoPlist.strings; sourceTree = "<group>"; };
		175C1BD222684F0D006F753F /* pt-PT */ = {isa = PBXFileReference; lastKnownFileType = text.plist.strings; name = "pt-PT"; path = "pt-PT.lproj/InfoPlist.strings"; sourceTree = "<group>"; };
		175C1BD322684F0E006F753F /* da */ = {isa = PBXFileReference; lastKnownFileType = text.plist.strings; name = da; path = da.lproj/InfoPlist.strings; sourceTree = "<group>"; };
		175C1BD422684F0E006F753F /* fi */ = {isa = PBXFileReference; lastKnownFileType = text.plist.strings; name = fi; path = fi.lproj/InfoPlist.strings; sourceTree = "<group>"; };
		175C1BD522684F0F006F753F /* sv */ = {isa = PBXFileReference; lastKnownFileType = text.plist.strings; name = sv; path = sv.lproj/InfoPlist.strings; sourceTree = "<group>"; };
		175C1BD622684F0F006F753F /* nb */ = {isa = PBXFileReference; lastKnownFileType = text.plist.strings; name = nb; path = nb.lproj/InfoPlist.strings; sourceTree = "<group>"; };
		175C1BD722684F10006F753F /* ru */ = {isa = PBXFileReference; lastKnownFileType = text.plist.strings; name = ru; path = ru.lproj/InfoPlist.strings; sourceTree = "<group>"; };
		175C1BD822684F11006F753F /* pl */ = {isa = PBXFileReference; lastKnownFileType = text.plist.strings; name = pl; path = pl.lproj/InfoPlist.strings; sourceTree = "<group>"; };
		175C1BD922684F12006F753F /* tr */ = {isa = PBXFileReference; lastKnownFileType = text.plist.strings; name = tr; path = tr.lproj/InfoPlist.strings; sourceTree = "<group>"; };
		175C1BDA22684F13006F753F /* ar */ = {isa = PBXFileReference; lastKnownFileType = text.plist.strings; name = ar; path = ar.lproj/InfoPlist.strings; sourceTree = "<group>"; };
		175C1BDB22684F13006F753F /* th */ = {isa = PBXFileReference; lastKnownFileType = text.plist.strings; name = th; path = th.lproj/InfoPlist.strings; sourceTree = "<group>"; };
		175C1BDC22684F15006F753F /* hu */ = {isa = PBXFileReference; lastKnownFileType = text.plist.strings; name = hu; path = hu.lproj/InfoPlist.strings; sourceTree = "<group>"; };
		175C1BDD22684F16006F753F /* ca */ = {isa = PBXFileReference; lastKnownFileType = text.plist.strings; name = ca; path = ca.lproj/InfoPlist.strings; sourceTree = "<group>"; };
		175C1BDE22684F17006F753F /* cs */ = {isa = PBXFileReference; lastKnownFileType = text.plist.strings; name = cs; path = cs.lproj/InfoPlist.strings; sourceTree = "<group>"; };
		175C1BDF22684F18006F753F /* hr */ = {isa = PBXFileReference; lastKnownFileType = text.plist.strings; name = hr; path = hr.lproj/InfoPlist.strings; sourceTree = "<group>"; };
		175C1BE022684F18006F753F /* he */ = {isa = PBXFileReference; lastKnownFileType = text.plist.strings; name = he; path = he.lproj/InfoPlist.strings; sourceTree = "<group>"; };
		175C1BE122684F19006F753F /* el */ = {isa = PBXFileReference; lastKnownFileType = text.plist.strings; name = el; path = el.lproj/InfoPlist.strings; sourceTree = "<group>"; };
		175C1BE222684F1A006F753F /* ro */ = {isa = PBXFileReference; lastKnownFileType = text.plist.strings; name = ro; path = ro.lproj/InfoPlist.strings; sourceTree = "<group>"; };
		175C1BE322684F1B006F753F /* ms */ = {isa = PBXFileReference; lastKnownFileType = text.plist.strings; name = ms; path = ms.lproj/InfoPlist.strings; sourceTree = "<group>"; };
		175C1BE422684F1C006F753F /* id */ = {isa = PBXFileReference; lastKnownFileType = text.plist.strings; name = id; path = id.lproj/InfoPlist.strings; sourceTree = "<group>"; };
		175C1BE522684F1C006F753F /* vi */ = {isa = PBXFileReference; lastKnownFileType = text.plist.strings; name = vi; path = vi.lproj/InfoPlist.strings; sourceTree = "<group>"; };
		175C1BE622684F1D006F753F /* uk */ = {isa = PBXFileReference; lastKnownFileType = text.plist.strings; name = uk; path = uk.lproj/InfoPlist.strings; sourceTree = "<group>"; };
		175C1BE722684F1E006F753F /* sk */ = {isa = PBXFileReference; lastKnownFileType = text.plist.strings; name = sk; path = sk.lproj/InfoPlist.strings; sourceTree = "<group>"; };
		175C1BE822684F1E006F753F /* hi */ = {isa = PBXFileReference; lastKnownFileType = text.plist.strings; name = hi; path = hi.lproj/InfoPlist.strings; sourceTree = "<group>"; };
		179B6F6920E8C6B8008A7D5A /* Daily Work Note.app */ = {isa = PBXFileReference; explicitFileType = wrapper.application; includeInIndex = 0; path = "Daily Work Note.app"; sourceTree = BUILT_PRODUCTS_DIR; };
		179B6F6C20E8C6B8008A7D5A /* AppDelegate.swift */ = {isa = PBXFileReference; lastKnownFileType = sourcecode.swift; path = AppDelegate.swift; sourceTree = "<group>"; };
		179B6F6E20E8C6B8008A7D5A /* ViewController.swift */ = {isa = PBXFileReference; lastKnownFileType = sourcecode.swift; path = ViewController.swift; sourceTree = "<group>"; };
		179B6F7620E8C6BC008A7D5A /* Assets.xcassets */ = {isa = PBXFileReference; lastKnownFileType = folder.assetcatalog; path = Assets.xcassets; sourceTree = "<group>"; };
		179B6F7B20E8C6BC008A7D5A /* Info.plist */ = {isa = PBXFileReference; lastKnownFileType = text.plist.xml; path = Info.plist; sourceTree = "<group>"; };
		179B6FA120E8CC30008A7D5A /* MyWorkingList.xcdatamodel */ = {isa = PBXFileReference; lastKnownFileType = wrapper.xcdatamodel; path = MyWorkingList.xcdatamodel; sourceTree = "<group>"; };
		179B6FA320E8F963008A7D5A /* README.md */ = {isa = PBXFileReference; fileEncoding = 4; lastKnownFileType = net.daringfireball.markdown; path = README.md; sourceTree = "<group>"; };
		1BABE5A9D61909B80B939A46 /* Pods-MyWorkingListUITests.debug.xcconfig */ = {isa = PBXFileReference; includeInIndex = 1; lastKnownFileType = text.xcconfig; name = "Pods-MyWorkingListUITests.debug.xcconfig"; path = "Pods/Target Support Files/Pods-MyWorkingListUITests/Pods-MyWorkingListUITests.debug.xcconfig"; sourceTree = "<group>"; };
		27C3163430FBBBB0F5EC54D8 /* Pods_MyWorkingListUITests.framework */ = {isa = PBXFileReference; explicitFileType = wrapper.framework; includeInIndex = 0; path = Pods_MyWorkingListUITests.framework; sourceTree = BUILT_PRODUCTS_DIR; };
		35535217B86A7B2FD818E74D /* Pods_MyWorkingListTests.framework */ = {isa = PBXFileReference; explicitFileType = wrapper.framework; includeInIndex = 0; path = Pods_MyWorkingListTests.framework; sourceTree = BUILT_PRODUCTS_DIR; };
		3CD8C8C8231FB38000D7CDC8 /* StoreKit.framework */ = {isa = PBXFileReference; lastKnownFileType = wrapper.framework; name = StoreKit.framework; path = System/Library/Frameworks/StoreKit.framework; sourceTree = SDKROOT; };
		3CD8C8D52320DA9000D7CDC8 /* OQ+String.swift */ = {isa = PBXFileReference; lastKnownFileType = sourcecode.swift; path = "OQ+String.swift"; sourceTree = "<group>"; };
		401D34263E5A85A20A4C617F /* Pods-MyWorkingListTests.release.xcconfig */ = {isa = PBXFileReference; includeInIndex = 1; lastKnownFileType = text.xcconfig; name = "Pods-MyWorkingListTests.release.xcconfig"; path = "Pods/Target Support Files/Pods-MyWorkingListTests/Pods-MyWorkingListTests.release.xcconfig"; sourceTree = "<group>"; };
		8C0F5079A70854F9E1F7DB5B /* Pods-MyWorkingListUITests.release.xcconfig */ = {isa = PBXFileReference; includeInIndex = 1; lastKnownFileType = text.xcconfig; name = "Pods-MyWorkingListUITests.release.xcconfig"; path = "Pods/Target Support Files/Pods-MyWorkingListUITests/Pods-MyWorkingListUITests.release.xcconfig"; sourceTree = "<group>"; };
		B4568782C97630BEA4B65C9F /* Pods-MyWorkingListTests.debug.xcconfig */ = {isa = PBXFileReference; includeInIndex = 1; lastKnownFileType = text.xcconfig; name = "Pods-MyWorkingListTests.debug.xcconfig"; path = "Pods/Target Support Files/Pods-MyWorkingListTests/Pods-MyWorkingListTests.debug.xcconfig"; sourceTree = "<group>"; };
		B70F33A7D85F671FDE3A75E6 /* Pods-MyWorkingList.release.xcconfig */ = {isa = PBXFileReference; includeInIndex = 1; lastKnownFileType = text.xcconfig; name = "Pods-MyWorkingList.release.xcconfig"; path = "Pods/Target Support Files/Pods-MyWorkingList/Pods-MyWorkingList.release.xcconfig"; sourceTree = "<group>"; };
		C370BF3F2325E35F00E321E6 /* PremiumProducts.swift */ = {isa = PBXFileReference; fileEncoding = 4; lastKnownFileType = sourcecode.swift; path = PremiumProducts.swift; sourceTree = "<group>"; };
		C370BF402325E35F00E321E6 /* IAPHelper.swift */ = {isa = PBXFileReference; fileEncoding = 4; lastKnownFileType = sourcecode.swift; path = IAPHelper.swift; sourceTree = "<group>"; };
		CE1E5D50216DB73600266B64 /* Base */ = {isa = PBXFileReference; lastKnownFileType = file.storyboard; name = Base; path = Base.lproj/LaunchScreen.storyboard; sourceTree = "<group>"; };
		CE1E5D52216DB73600266B64 /* Base */ = {isa = PBXFileReference; lastKnownFileType = file.storyboard; name = Base; path = Base.lproj/Main.storyboard; sourceTree = "<group>"; };
		CE1E5D55216DB75100266B64 /* ko */ = {isa = PBXFileReference; lastKnownFileType = text.plist.strings; name = ko; path = ko.lproj/LaunchScreen.strings; sourceTree = "<group>"; };
		CE1E5D56216DB75100266B64 /* ko */ = {isa = PBXFileReference; lastKnownFileType = text.plist.strings; name = ko; path = ko.lproj/Main.strings; sourceTree = "<group>"; };
		CE1E5D57216DB77B00266B64 /* fr */ = {isa = PBXFileReference; lastKnownFileType = text.plist.strings; name = fr; path = fr.lproj/LaunchScreen.strings; sourceTree = "<group>"; };
		CE1E5D58216DB77B00266B64 /* fr */ = {isa = PBXFileReference; lastKnownFileType = text.plist.strings; name = fr; path = fr.lproj/Main.strings; sourceTree = "<group>"; };
		CE1E5D59216DB78000266B64 /* zh-Hans */ = {isa = PBXFileReference; lastKnownFileType = text.plist.strings; name = "zh-Hans"; path = "zh-Hans.lproj/LaunchScreen.strings"; sourceTree = "<group>"; };
		CE1E5D5A216DB78000266B64 /* zh-Hans */ = {isa = PBXFileReference; lastKnownFileType = text.plist.strings; name = "zh-Hans"; path = "zh-Hans.lproj/Main.strings"; sourceTree = "<group>"; };
		CE1E5D5B216DB78300266B64 /* zh-Hant */ = {isa = PBXFileReference; lastKnownFileType = text.plist.strings; name = "zh-Hant"; path = "zh-Hant.lproj/LaunchScreen.strings"; sourceTree = "<group>"; };
		CE1E5D5C216DB78300266B64 /* zh-Hant */ = {isa = PBXFileReference; lastKnownFileType = text.plist.strings; name = "zh-Hant"; path = "zh-Hant.lproj/Main.strings"; sourceTree = "<group>"; };
		CE1E5D5D216DB78700266B64 /* es */ = {isa = PBXFileReference; lastKnownFileType = text.plist.strings; name = es; path = es.lproj/LaunchScreen.strings; sourceTree = "<group>"; };
		CE1E5D5E216DB78700266B64 /* es */ = {isa = PBXFileReference; lastKnownFileType = text.plist.strings; name = es; path = es.lproj/Main.strings; sourceTree = "<group>"; };
		CE1E5D5F216DB78B00266B64 /* nl */ = {isa = PBXFileReference; lastKnownFileType = text.plist.strings; name = nl; path = nl.lproj/LaunchScreen.strings; sourceTree = "<group>"; };
		CE1E5D60216DB78B00266B64 /* nl */ = {isa = PBXFileReference; lastKnownFileType = text.plist.strings; name = nl; path = nl.lproj/Main.strings; sourceTree = "<group>"; };
		CE1E5D61216DB79000266B64 /* pt-BR */ = {isa = PBXFileReference; lastKnownFileType = text.plist.strings; name = "pt-BR"; path = "pt-BR.lproj/LaunchScreen.strings"; sourceTree = "<group>"; };
		CE1E5D62216DB79000266B64 /* pt-BR */ = {isa = PBXFileReference; lastKnownFileType = text.plist.strings; name = "pt-BR"; path = "pt-BR.lproj/Main.strings"; sourceTree = "<group>"; };
		CE1E5D63216DB79500266B64 /* de */ = {isa = PBXFileReference; lastKnownFileType = text.plist.strings; name = de; path = de.lproj/LaunchScreen.strings; sourceTree = "<group>"; };
		CE1E5D64216DB79500266B64 /* de */ = {isa = PBXFileReference; lastKnownFileType = text.plist.strings; name = de; path = de.lproj/Main.strings; sourceTree = "<group>"; };
		CE1E5D65216DB79900266B64 /* ja */ = {isa = PBXFileReference; lastKnownFileType = text.plist.strings; name = ja; path = ja.lproj/LaunchScreen.strings; sourceTree = "<group>"; };
		CE1E5D66216DB79900266B64 /* ja */ = {isa = PBXFileReference; lastKnownFileType = text.plist.strings; name = ja; path = ja.lproj/Main.strings; sourceTree = "<group>"; };
		CE1E5D67216DB79E00266B64 /* es-419 */ = {isa = PBXFileReference; lastKnownFileType = text.plist.strings; name = "es-419"; path = "es-419.lproj/LaunchScreen.strings"; sourceTree = "<group>"; };
		CE1E5D68216DB79E00266B64 /* es-419 */ = {isa = PBXFileReference; lastKnownFileType = text.plist.strings; name = "es-419"; path = "es-419.lproj/Main.strings"; sourceTree = "<group>"; };
		CE1E5D69216DB7A200266B64 /* it */ = {isa = PBXFileReference; lastKnownFileType = text.plist.strings; name = it; path = it.lproj/LaunchScreen.strings; sourceTree = "<group>"; };
		CE1E5D6A216DB7A300266B64 /* it */ = {isa = PBXFileReference; lastKnownFileType = text.plist.strings; name = it; path = it.lproj/Main.strings; sourceTree = "<group>"; };
		CE1E5D6B216DB7A700266B64 /* pt-PT */ = {isa = PBXFileReference; lastKnownFileType = text.plist.strings; name = "pt-PT"; path = "pt-PT.lproj/LaunchScreen.strings"; sourceTree = "<group>"; };
		CE1E5D6C216DB7A700266B64 /* pt-PT */ = {isa = PBXFileReference; lastKnownFileType = text.plist.strings; name = "pt-PT"; path = "pt-PT.lproj/Main.strings"; sourceTree = "<group>"; };
		CE1E5D6D216DB7AA00266B64 /* da */ = {isa = PBXFileReference; lastKnownFileType = text.plist.strings; name = da; path = da.lproj/LaunchScreen.strings; sourceTree = "<group>"; };
		CE1E5D6E216DB7AA00266B64 /* da */ = {isa = PBXFileReference; lastKnownFileType = text.plist.strings; name = da; path = da.lproj/Main.strings; sourceTree = "<group>"; };
		CE1E5D6F216DB7AD00266B64 /* fi */ = {isa = PBXFileReference; lastKnownFileType = text.plist.strings; name = fi; path = fi.lproj/LaunchScreen.strings; sourceTree = "<group>"; };
		CE1E5D70216DB7AE00266B64 /* fi */ = {isa = PBXFileReference; lastKnownFileType = text.plist.strings; name = fi; path = fi.lproj/Main.strings; sourceTree = "<group>"; };
		CE1E5D71216DB7B200266B64 /* sv */ = {isa = PBXFileReference; lastKnownFileType = text.plist.strings; name = sv; path = sv.lproj/LaunchScreen.strings; sourceTree = "<group>"; };
		CE1E5D72216DB7B200266B64 /* sv */ = {isa = PBXFileReference; lastKnownFileType = text.plist.strings; name = sv; path = sv.lproj/Main.strings; sourceTree = "<group>"; };
		CE1E5D73216DB7B500266B64 /* nb */ = {isa = PBXFileReference; lastKnownFileType = text.plist.strings; name = nb; path = nb.lproj/LaunchScreen.strings; sourceTree = "<group>"; };
		CE1E5D74216DB7B500266B64 /* nb */ = {isa = PBXFileReference; lastKnownFileType = text.plist.strings; name = nb; path = nb.lproj/Main.strings; sourceTree = "<group>"; };
		CE1E5D75216DB7BA00266B64 /* ru */ = {isa = PBXFileReference; lastKnownFileType = text.plist.strings; name = ru; path = ru.lproj/LaunchScreen.strings; sourceTree = "<group>"; };
		CE1E5D76216DB7BB00266B64 /* ru */ = {isa = PBXFileReference; lastKnownFileType = text.plist.strings; name = ru; path = ru.lproj/Main.strings; sourceTree = "<group>"; };
		CE1E5D77216DB7BF00266B64 /* ru */ = {isa = PBXFileReference; lastKnownFileType = text.plist.strings; name = ru; path = ru.lproj/LaunchScreen.strings; sourceTree = "<group>"; };
		CE1E5D78216DB7C100266B64 /* ru */ = {isa = PBXFileReference; lastKnownFileType = text.plist.strings; name = ru; path = ru.lproj/Main.strings; sourceTree = "<group>"; };
		CE1E5D79216DB7C500266B64 /* pl */ = {isa = PBXFileReference; lastKnownFileType = text.plist.strings; name = pl; path = pl.lproj/LaunchScreen.strings; sourceTree = "<group>"; };
		CE1E5D7A216DB7C500266B64 /* pl */ = {isa = PBXFileReference; lastKnownFileType = text.plist.strings; name = pl; path = pl.lproj/Main.strings; sourceTree = "<group>"; };
		CE1E5D7B216DB7C900266B64 /* tr */ = {isa = PBXFileReference; lastKnownFileType = text.plist.strings; name = tr; path = tr.lproj/LaunchScreen.strings; sourceTree = "<group>"; };
		CE1E5D7C216DB7C900266B64 /* tr */ = {isa = PBXFileReference; lastKnownFileType = text.plist.strings; name = tr; path = tr.lproj/Main.strings; sourceTree = "<group>"; };
		CE1E5D7D216DB7CD00266B64 /* ar */ = {isa = PBXFileReference; lastKnownFileType = text.plist.strings; name = ar; path = ar.lproj/LaunchScreen.strings; sourceTree = "<group>"; };
		CE1E5D7E216DB7CD00266B64 /* ar */ = {isa = PBXFileReference; lastKnownFileType = text.plist.strings; name = ar; path = ar.lproj/Main.strings; sourceTree = "<group>"; };
		CE1E5D7F216DB7D000266B64 /* th */ = {isa = PBXFileReference; lastKnownFileType = text.plist.strings; name = th; path = th.lproj/LaunchScreen.strings; sourceTree = "<group>"; };
		CE1E5D80216DB7D000266B64 /* th */ = {isa = PBXFileReference; lastKnownFileType = text.plist.strings; name = th; path = th.lproj/Main.strings; sourceTree = "<group>"; };
		CE1E5D81216DB7D500266B64 /* hu */ = {isa = PBXFileReference; lastKnownFileType = text.plist.strings; name = hu; path = hu.lproj/LaunchScreen.strings; sourceTree = "<group>"; };
		CE1E5D82216DB7D500266B64 /* hu */ = {isa = PBXFileReference; lastKnownFileType = text.plist.strings; name = hu; path = hu.lproj/Main.strings; sourceTree = "<group>"; };
		CE1E5D83216DB7D800266B64 /* ca */ = {isa = PBXFileReference; lastKnownFileType = text.plist.strings; name = ca; path = ca.lproj/LaunchScreen.strings; sourceTree = "<group>"; };
		CE1E5D84216DB7D900266B64 /* ca */ = {isa = PBXFileReference; lastKnownFileType = text.plist.strings; name = ca; path = ca.lproj/Main.strings; sourceTree = "<group>"; };
		CE1E5D85216DB7DD00266B64 /* ca */ = {isa = PBXFileReference; lastKnownFileType = text.plist.strings; name = ca; path = ca.lproj/LaunchScreen.strings; sourceTree = "<group>"; };
		CE1E5D86216DB7DF00266B64 /* ca */ = {isa = PBXFileReference; lastKnownFileType = text.plist.strings; name = ca; path = ca.lproj/Main.strings; sourceTree = "<group>"; };
		CE1E5D87216DB7E400266B64 /* cs */ = {isa = PBXFileReference; lastKnownFileType = text.plist.strings; name = cs; path = cs.lproj/LaunchScreen.strings; sourceTree = "<group>"; };
		CE1E5D88216DB7E400266B64 /* cs */ = {isa = PBXFileReference; lastKnownFileType = text.plist.strings; name = cs; path = cs.lproj/Main.strings; sourceTree = "<group>"; };
		CE1E5D89216DB7E800266B64 /* hr */ = {isa = PBXFileReference; lastKnownFileType = text.plist.strings; name = hr; path = hr.lproj/LaunchScreen.strings; sourceTree = "<group>"; };
		CE1E5D8A216DB7E900266B64 /* hr */ = {isa = PBXFileReference; lastKnownFileType = text.plist.strings; name = hr; path = hr.lproj/Main.strings; sourceTree = "<group>"; };
		CE1E5D8B216DB7EC00266B64 /* he */ = {isa = PBXFileReference; lastKnownFileType = text.plist.strings; name = he; path = he.lproj/LaunchScreen.strings; sourceTree = "<group>"; };
		CE1E5D8C216DB7EC00266B64 /* he */ = {isa = PBXFileReference; lastKnownFileType = text.plist.strings; name = he; path = he.lproj/Main.strings; sourceTree = "<group>"; };
		CE1E5D8D216DB7F100266B64 /* el */ = {isa = PBXFileReference; lastKnownFileType = text.plist.strings; name = el; path = el.lproj/LaunchScreen.strings; sourceTree = "<group>"; };
		CE1E5D8E216DB7F100266B64 /* el */ = {isa = PBXFileReference; lastKnownFileType = text.plist.strings; name = el; path = el.lproj/Main.strings; sourceTree = "<group>"; };
		CE1E5D8F216DB7F400266B64 /* ro */ = {isa = PBXFileReference; lastKnownFileType = text.plist.strings; name = ro; path = ro.lproj/LaunchScreen.strings; sourceTree = "<group>"; };
		CE1E5D90216DB7F400266B64 /* ro */ = {isa = PBXFileReference; lastKnownFileType = text.plist.strings; name = ro; path = ro.lproj/Main.strings; sourceTree = "<group>"; };
		CE1E5D91216DB7F800266B64 /* ms */ = {isa = PBXFileReference; lastKnownFileType = text.plist.strings; name = ms; path = ms.lproj/LaunchScreen.strings; sourceTree = "<group>"; };
		CE1E5D92216DB7F800266B64 /* ms */ = {isa = PBXFileReference; lastKnownFileType = text.plist.strings; name = ms; path = ms.lproj/Main.strings; sourceTree = "<group>"; };
		CE1E5D93216DB7FD00266B64 /* ms */ = {isa = PBXFileReference; lastKnownFileType = text.plist.strings; name = ms; path = ms.lproj/LaunchScreen.strings; sourceTree = "<group>"; };
		CE1E5D94216DB7FE00266B64 /* ms */ = {isa = PBXFileReference; lastKnownFileType = text.plist.strings; name = ms; path = ms.lproj/Main.strings; sourceTree = "<group>"; };
		CE1E5D95216DB80300266B64 /* id */ = {isa = PBXFileReference; lastKnownFileType = text.plist.strings; name = id; path = id.lproj/LaunchScreen.strings; sourceTree = "<group>"; };
		CE1E5D96216DB80300266B64 /* id */ = {isa = PBXFileReference; lastKnownFileType = text.plist.strings; name = id; path = id.lproj/Main.strings; sourceTree = "<group>"; };
		CE1E5D97216DB80800266B64 /* vi */ = {isa = PBXFileReference; lastKnownFileType = text.plist.strings; name = vi; path = vi.lproj/LaunchScreen.strings; sourceTree = "<group>"; };
		CE1E5D98216DB80800266B64 /* vi */ = {isa = PBXFileReference; lastKnownFileType = text.plist.strings; name = vi; path = vi.lproj/Main.strings; sourceTree = "<group>"; };
		CE1E5D99216DB80C00266B64 /* uk */ = {isa = PBXFileReference; lastKnownFileType = text.plist.strings; name = uk; path = uk.lproj/LaunchScreen.strings; sourceTree = "<group>"; };
		CE1E5D9A216DB80D00266B64 /* uk */ = {isa = PBXFileReference; lastKnownFileType = text.plist.strings; name = uk; path = uk.lproj/Main.strings; sourceTree = "<group>"; };
		CE1E5D9B216DB81100266B64 /* sk */ = {isa = PBXFileReference; lastKnownFileType = text.plist.strings; name = sk; path = sk.lproj/LaunchScreen.strings; sourceTree = "<group>"; };
		CE1E5D9C216DB81100266B64 /* sk */ = {isa = PBXFileReference; lastKnownFileType = text.plist.strings; name = sk; path = sk.lproj/Main.strings; sourceTree = "<group>"; };
		CE1E5D9D216DB81600266B64 /* hi */ = {isa = PBXFileReference; lastKnownFileType = text.plist.strings; name = hi; path = hi.lproj/LaunchScreen.strings; sourceTree = "<group>"; };
		CE1E5D9E216DB81600266B64 /* hi */ = {isa = PBXFileReference; lastKnownFileType = text.plist.strings; name = hi; path = hi.lproj/Main.strings; sourceTree = "<group>"; };
		CE24B26B20F4AB720064FBB5 /* DetailViewController.swift */ = {isa = PBXFileReference; fileEncoding = 4; lastKnownFileType = sourcecode.swift; path = DetailViewController.swift; sourceTree = "<group>"; };
		CE24B26C20F4AB720064FBB5 /* DetailViewController.xib */ = {isa = PBXFileReference; fileEncoding = 4; lastKnownFileType = file.xib; path = DetailViewController.xib; sourceTree = "<group>"; };
		CE73F5AA224DFA3500ED2A50 /* AlarmSettingViewController.swift */ = {isa = PBXFileReference; lastKnownFileType = sourcecode.swift; path = AlarmSettingViewController.swift; sourceTree = "<group>"; };
		CE73F5AB224DFA3500ED2A50 /* AlarmSettingViewController.xib */ = {isa = PBXFileReference; lastKnownFileType = file.xib; path = AlarmSettingViewController.xib; sourceTree = "<group>"; };
		CE9893C120EA019500E085EE /* TableViewCell.swift */ = {isa = PBXFileReference; lastKnownFileType = sourcecode.swift; path = TableViewCell.swift; sourceTree = "<group>"; };
		CE9893C220EA019500E085EE /* TableViewCell.xib */ = {isa = PBXFileReference; lastKnownFileType = file.xib; path = TableViewCell.xib; sourceTree = "<group>"; };
		CEAC645120EDAA550019935B /* MyWorkingList.entitlements */ = {isa = PBXFileReference; lastKnownFileType = text.plist.entitlements; path = MyWorkingList.entitlements; sourceTree = "<group>"; };
		CEAC645320EDAA930019935B /* CloudKit.framework */ = {isa = PBXFileReference; lastKnownFileType = wrapper.framework; name = CloudKit.framework; path = System/Library/Frameworks/CloudKit.framework; sourceTree = SDKROOT; };
		CEAC645720EDEA9A0019935B /* PinWheelView.swift */ = {isa = PBXFileReference; lastKnownFileType = sourcecode.swift; path = PinWheelView.swift; sourceTree = "<group>"; };
		CEAC645A20EE0CA90019935B /* SharedData.swift */ = {isa = PBXFileReference; lastKnownFileType = sourcecode.swift; path = SharedData.swift; sourceTree = "<group>"; };
		CEC9447A20EF24A60092CF5D /* myWorkspace.swift */ = {isa = PBXFileReference; lastKnownFileType = sourcecode.swift; path = myWorkspace.swift; sourceTree = "<group>"; };
		CED2FD7320ECA8890021F514 /* baseline_calendar@2x.png */ = {isa = PBXFileReference; lastKnownFileType = image.png; path = "baseline_calendar@2x.png"; sourceTree = "<group>"; };
		CED2FD7420ECA88A0021F514 /* baseline_calendar@3x.png */ = {isa = PBXFileReference; lastKnownFileType = image.png; path = "baseline_calendar@3x.png"; sourceTree = "<group>"; };
		CED2FD7820ECB9270021F514 /* SideViewController.swift */ = {isa = PBXFileReference; lastKnownFileType = sourcecode.swift; path = SideViewController.swift; sourceTree = "<group>"; };
		CED2FD7920ECB9270021F514 /* SideViewController.xib */ = {isa = PBXFileReference; lastKnownFileType = file.xib; path = SideViewController.xib; sourceTree = "<group>"; };
		CEEC51C320EAFA6D00C4A770 /* myTask.swift */ = {isa = PBXFileReference; fileEncoding = 4; lastKnownFileType = sourcecode.swift; name = myTask.swift; path = MyWorkingList/model/myTask.swift; sourceTree = SOURCE_ROOT; };
		CEEDB8C921660E1300F6860F /* CalendarViewController.swift */ = {isa = PBXFileReference; fileEncoding = 4; lastKnownFileType = sourcecode.swift; path = CalendarViewController.swift; sourceTree = "<group>"; };
		CEEDB8CA21660E1300F6860F /* CalendarViewController.xib */ = {isa = PBXFileReference; fileEncoding = 4; lastKnownFileType = file.xib; path = CalendarViewController.xib; sourceTree = "<group>"; };
		F8A1165A3AB64999D7A102E7 /* Pods-MyWorkingList.debug.xcconfig */ = {isa = PBXFileReference; includeInIndex = 1; lastKnownFileType = text.xcconfig; name = "Pods-MyWorkingList.debug.xcconfig"; path = "Pods/Target Support Files/Pods-MyWorkingList/Pods-MyWorkingList.debug.xcconfig"; sourceTree = "<group>"; };
/* End PBXFileReference section */

/* Begin PBXFrameworksBuildPhase section */
		179B6F6620E8C6B8008A7D5A /* Frameworks */ = {
			isa = PBXFrameworksBuildPhase;
			buildActionMask = 2147483647;
			files = (
				3CD8C8C9231FB38000D7CDC8 /* StoreKit.framework in Frameworks */,
				CEAC645420EDAA930019935B /* CloudKit.framework in Frameworks */,
				955BB2BAA7DD9A3DC9D1BC17 /* Pods_MyWorkingList.framework in Frameworks */,
			);
			runOnlyForDeploymentPostprocessing = 0;
		};
/* End PBXFrameworksBuildPhase section */

/* Begin PBXGroup section */
		179B6F6020E8C6B8008A7D5A = {
			isa = PBXGroup;
			children = (
				179B6FA320E8F963008A7D5A /* README.md */,
				179B6F6B20E8C6B8008A7D5A /* MyWorkingList */,
				179B6F6A20E8C6B8008A7D5A /* Products */,
				CEAC645220EDAA930019935B /* Frameworks */,
				72F5508C9D07331E84332E02 /* Pods */,
			);
			sourceTree = "<group>";
		};
		179B6F6A20E8C6B8008A7D5A /* Products */ = {
			isa = PBXGroup;
			children = (
				179B6F6920E8C6B8008A7D5A /* Daily Work Note.app */,
			);
			name = Products;
			sourceTree = "<group>";
		};
		179B6F6B20E8C6B8008A7D5A /* MyWorkingList */ = {
			isa = PBXGroup;
			children = (
				3CD8C8D42320DA5700D7CDC8 /* Extention */,
				3CD8C8CA231FB6A700D7CDC8 /* IAPHelper */,
				CE1E5D4F216DB73600266B64 /* LaunchScreen.storyboard */,
				CE1E5D51216DB73600266B64 /* Main.storyboard */,
				CEEDB8C821660E1300F6860F /* CalendarView */,
				CE24B26A20F4AB720064FBB5 /* DetailView */,
				CEAC645120EDAA550019935B /* MyWorkingList.entitlements */,
				CED2FD7720ECB8B10021F514 /* SideView */,
				CED2FD6F20EC9F250021F514 /* Resource */,
				CEEC51C220EAFA5700C4A770 /* model */,
				179B6FA020E8CC30008A7D5A /* MyWorkingList.xcdatamodeld */,
				179B6F6C20E8C6B8008A7D5A /* AppDelegate.swift */,
				179B6F6E20E8C6B8008A7D5A /* ViewController.swift */,
				179B6F7620E8C6BC008A7D5A /* Assets.xcassets */,
				179B6F7B20E8C6BC008A7D5A /* Info.plist */,
				CE9893C120EA019500E085EE /* TableViewCell.swift */,
				CE9893C220EA019500E085EE /* TableViewCell.xib */,
				CEAC645720EDEA9A0019935B /* PinWheelView.swift */,
				CEAC645A20EE0CA90019935B /* SharedData.swift */,
				175C1BC622684EFF006F753F /* InfoPlist.strings */,
			);
			path = MyWorkingList;
			sourceTree = "<group>";
		};
		3CD8C8CA231FB6A700D7CDC8 /* IAPHelper */ = {
			isa = PBXGroup;
			children = (
				C370BF402325E35F00E321E6 /* IAPHelper.swift */,
				C370BF3F2325E35F00E321E6 /* PremiumProducts.swift */,
			);
			path = IAPHelper;
			sourceTree = "<group>";
		};
		3CD8C8D42320DA5700D7CDC8 /* Extention */ = {
			isa = PBXGroup;
			children = (
				3CD8C8D52320DA9000D7CDC8 /* OQ+String.swift */,
			);
			path = Extention;
			sourceTree = "<group>";
		};
		72F5508C9D07331E84332E02 /* Pods */ = {
			isa = PBXGroup;
			children = (
				F8A1165A3AB64999D7A102E7 /* Pods-MyWorkingList.debug.xcconfig */,
				B70F33A7D85F671FDE3A75E6 /* Pods-MyWorkingList.release.xcconfig */,
				B4568782C97630BEA4B65C9F /* Pods-MyWorkingListTests.debug.xcconfig */,
				401D34263E5A85A20A4C617F /* Pods-MyWorkingListTests.release.xcconfig */,
				1BABE5A9D61909B80B939A46 /* Pods-MyWorkingListUITests.debug.xcconfig */,
				8C0F5079A70854F9E1F7DB5B /* Pods-MyWorkingListUITests.release.xcconfig */,
			);
			name = Pods;
			sourceTree = "<group>";
		};
		CE24B26A20F4AB720064FBB5 /* DetailView */ = {
			isa = PBXGroup;
			children = (
				CE24B26B20F4AB720064FBB5 /* DetailViewController.swift */,
				CE24B26C20F4AB720064FBB5 /* DetailViewController.xib */,
				CE73F5AA224DFA3500ED2A50 /* AlarmSettingViewController.swift */,
				CE73F5AB224DFA3500ED2A50 /* AlarmSettingViewController.xib */,
			);
			path = DetailView;
			sourceTree = "<group>";
		};
		CEAC645220EDAA930019935B /* Frameworks */ = {
			isa = PBXGroup;
			children = (
				3CD8C8C8231FB38000D7CDC8 /* StoreKit.framework */,
				CEAC645320EDAA930019935B /* CloudKit.framework */,
				10572EB58D66C6CEE3A6041D /* Pods_MyWorkingList.framework */,
				35535217B86A7B2FD818E74D /* Pods_MyWorkingListTests.framework */,
				27C3163430FBBBB0F5EC54D8 /* Pods_MyWorkingListUITests.framework */,
			);
			name = Frameworks;
			sourceTree = "<group>";
		};
		CED2FD6F20EC9F250021F514 /* Resource */ = {
			isa = PBXGroup;
			children = (
				CED2FD7020EC9F250021F514 /* images */,
			);
			path = Resource;
			sourceTree = "<group>";
		};
		CED2FD7020EC9F250021F514 /* images */ = {
			isa = PBXGroup;
			children = (
				CED2FD7320ECA8890021F514 /* baseline_calendar@2x.png */,
				CED2FD7420ECA88A0021F514 /* baseline_calendar@3x.png */,
			);
			path = images;
			sourceTree = "<group>";
		};
		CED2FD7720ECB8B10021F514 /* SideView */ = {
			isa = PBXGroup;
			children = (
				CED2FD7820ECB9270021F514 /* SideViewController.swift */,
				CED2FD7920ECB9270021F514 /* SideViewController.xib */,
			);
			path = SideView;
			sourceTree = "<group>";
		};
		CEEC51C220EAFA5700C4A770 /* model */ = {
			isa = PBXGroup;
			children = (
				CEEC51C320EAFA6D00C4A770 /* myTask.swift */,
				CEC9447A20EF24A60092CF5D /* myWorkspace.swift */,
			);
			path = model;
			sourceTree = "<group>";
		};
		CEEDB8C821660E1300F6860F /* CalendarView */ = {
			isa = PBXGroup;
			children = (
				CEEDB8C921660E1300F6860F /* CalendarViewController.swift */,
				CEEDB8CA21660E1300F6860F /* CalendarViewController.xib */,
			);
			path = CalendarView;
			sourceTree = "<group>";
		};
/* End PBXGroup section */

/* Begin PBXNativeTarget section */
		179B6F6820E8C6B8008A7D5A /* MyWorkingList */ = {
			isa = PBXNativeTarget;
			buildConfigurationList = 179B6F9420E8C6BC008A7D5A /* Build configuration list for PBXNativeTarget "MyWorkingList" */;
			buildPhases = (
				D499CADF3862802AA5E6511C /* [CP] Check Pods Manifest.lock */,
				179B6F6520E8C6B8008A7D5A /* Sources */,
				179B6F6620E8C6B8008A7D5A /* Frameworks */,
				179B6F6720E8C6B8008A7D5A /* Resources */,
				58791B5F7D64DE3241BCCB66 /* [CP] Embed Pods Frameworks */,
			);
			buildRules = (
			);
			dependencies = (
			);
			name = MyWorkingList;
			productName = MyWorkingList;
			productReference = 179B6F6920E8C6B8008A7D5A /* Daily Work Note.app */;
			productType = "com.apple.product-type.application";
		};
/* End PBXNativeTarget section */

/* Begin PBXProject section */
		179B6F6120E8C6B8008A7D5A /* Project object */ = {
			isa = PBXProject;
			attributes = {
				LastSwiftUpdateCheck = 0940;
				LastUpgradeCheck = 0940;
				ORGANIZATIONNAME = OQ;
				TargetAttributes = {
					179B6F6820E8C6B8008A7D5A = {
						CreatedOnToolsVersion = 9.4.1;
						SystemCapabilities = {
							com.apple.ApplePay = {
								enabled = 0;
							};
							com.apple.BackgroundModes = {
								enabled = 1;
							};
							com.apple.InAppPurchase = {
								enabled = 1;
							};
							com.apple.Push = {
								enabled = 1;
							};
							com.apple.iCloud = {
								enabled = 1;
							};
						};
					};
				};
			};
			buildConfigurationList = 179B6F6420E8C6B8008A7D5A /* Build configuration list for PBXProject "MyWorkingList" */;
			compatibilityVersion = "Xcode 9.3";
			developmentRegion = en;
			hasScannedForEncodings = 0;
			knownRegions = (
				en,
				Base,
				ko,
				fr,
				"zh-Hans",
				"zh-Hant",
				es,
				nl,
				"pt-BR",
				de,
				ja,
				"es-419",
				it,
				"pt-PT",
				da,
				fi,
				sv,
				nb,
				ru,
				pl,
				tr,
				ar,
				th,
				hu,
				ca,
				cs,
				hr,
				he,
				el,
				ro,
				ms,
				id,
				vi,
				uk,
				sk,
				hi,
			);
			mainGroup = 179B6F6020E8C6B8008A7D5A;
			productRefGroup = 179B6F6A20E8C6B8008A7D5A /* Products */;
			projectDirPath = "";
			projectRoot = "";
			targets = (
				179B6F6820E8C6B8008A7D5A /* MyWorkingList */,
			);
		};
/* End PBXProject section */

/* Begin PBXResourcesBuildPhase section */
		179B6F6720E8C6B8008A7D5A /* Resources */ = {
			isa = PBXResourcesBuildPhase;
			buildActionMask = 2147483647;
			files = (
				CE1E5D53216DB73600266B64 /* LaunchScreen.storyboard in Resources */,
				175C1BC422684EFF006F753F /* InfoPlist.strings in Resources */,
				CE1E5D54216DB73600266B64 /* Main.storyboard in Resources */,
				CED2FD7620ECA88A0021F514 /* baseline_calendar@3x.png in Resources */,
				CED2FD7520ECA88A0021F514 /* baseline_calendar@2x.png in Resources */,
				CED2FD7B20ECB9270021F514 /* SideViewController.xib in Resources */,
				CE24B26E20F4AB720064FBB5 /* DetailViewController.xib in Resources */,
				CE9893C420EA019500E085EE /* TableViewCell.xib in Resources */,
				CE73F5AD224DFA3500ED2A50 /* AlarmSettingViewController.xib in Resources */,
				CEEDB8CC21660E1300F6860F /* CalendarViewController.xib in Resources */,
				179B6F7720E8C6BC008A7D5A /* Assets.xcassets in Resources */,
				179B6FA420E8F963008A7D5A /* README.md in Resources */,
			);
			runOnlyForDeploymentPostprocessing = 0;
		};
/* End PBXResourcesBuildPhase section */

/* Begin PBXShellScriptBuildPhase section */
		58791B5F7D64DE3241BCCB66 /* [CP] Embed Pods Frameworks */ = {
			isa = PBXShellScriptBuildPhase;
			buildActionMask = 2147483647;
			files = (
			);
			inputFileListPaths = (
				"${PODS_ROOT}/Target Support Files/Pods-MyWorkingList/Pods-MyWorkingList-frameworks-${CONFIGURATION}-input-files.xcfilelist",
			);
			name = "[CP] Embed Pods Frameworks";
			outputFileListPaths = (
				"${PODS_ROOT}/Target Support Files/Pods-MyWorkingList/Pods-MyWorkingList-frameworks-${CONFIGURATION}-output-files.xcfilelist",
			);
			runOnlyForDeploymentPostprocessing = 0;
			shellPath = /bin/sh;
			shellScript = "\"${PODS_ROOT}/Target Support Files/Pods-MyWorkingList/Pods-MyWorkingList-frameworks.sh\"\n";
			showEnvVarsInLog = 0;
		};
		D499CADF3862802AA5E6511C /* [CP] Check Pods Manifest.lock */ = {
			isa = PBXShellScriptBuildPhase;
			buildActionMask = 2147483647;
			files = (
			);
			inputPaths = (
				"${PODS_PODFILE_DIR_PATH}/Podfile.lock",
				"${PODS_ROOT}/Manifest.lock",
			);
			name = "[CP] Check Pods Manifest.lock";
			outputPaths = (
				"$(DERIVED_FILE_DIR)/Pods-MyWorkingList-checkManifestLockResult.txt",
			);
			runOnlyForDeploymentPostprocessing = 0;
			shellPath = /bin/sh;
			shellScript = "diff \"${PODS_PODFILE_DIR_PATH}/Podfile.lock\" \"${PODS_ROOT}/Manifest.lock\" > /dev/null\nif [ $? != 0 ] ; then\n    # print error to STDERR\n    echo \"error: The sandbox is not in sync with the Podfile.lock. Run 'pod install' or update your CocoaPods installation.\" >&2\n    exit 1\nfi\n# This output is used by Xcode 'outputs' to avoid re-running this script phase.\necho \"SUCCESS\" > \"${SCRIPT_OUTPUT_FILE_0}\"\n";
			showEnvVarsInLog = 0;
		};
/* End PBXShellScriptBuildPhase section */

/* Begin PBXSourcesBuildPhase section */
		179B6F6520E8C6B8008A7D5A /* Sources */ = {
			isa = PBXSourcesBuildPhase;
			buildActionMask = 2147483647;
			files = (
				179B6F6F20E8C6B8008A7D5A /* ViewController.swift in Sources */,
				C370BF412325E35F00E321E6 /* PremiumProducts.swift in Sources */,
				CEAC645820EDEA9A0019935B /* PinWheelView.swift in Sources */,
				CE73F5AC224DFA3500ED2A50 /* AlarmSettingViewController.swift in Sources */,
				CE9893C320EA019500E085EE /* TableViewCell.swift in Sources */,
				CEEDB8CB21660E1300F6860F /* CalendarViewController.swift in Sources */,
				CEEC51C420EAFA6D00C4A770 /* myTask.swift in Sources */,
				CEAC645B20EE0CA90019935B /* SharedData.swift in Sources */,
				179B6F6D20E8C6B8008A7D5A /* AppDelegate.swift in Sources */,
				179B6FA220E8CC30008A7D5A /* MyWorkingList.xcdatamodeld in Sources */,
				CE24B26D20F4AB720064FBB5 /* DetailViewController.swift in Sources */,
				CED2FD7A20ECB9270021F514 /* SideViewController.swift in Sources */,
				CEC9447B20EF24A60092CF5D /* myWorkspace.swift in Sources */,
				C370BF422325E35F00E321E6 /* IAPHelper.swift in Sources */,
				3CD8C8D62320DA9000D7CDC8 /* OQ+String.swift in Sources */,
			);
			runOnlyForDeploymentPostprocessing = 0;
		};
/* End PBXSourcesBuildPhase section */

/* Begin PBXVariantGroup section */
		175C1BC622684EFF006F753F /* InfoPlist.strings */ = {
			isa = PBXVariantGroup;
			children = (
				175C1BC522684EFF006F753F /* en */,
				175C1BC722684F01006F753F /* ko */,
				175C1BC822684F02006F753F /* fr */,
				175C1BC922684F03006F753F /* zh-Hans */,
				175C1BCA22684F07006F753F /* zh-Hant */,
				175C1BCB22684F08006F753F /* es */,
				175C1BCC22684F08006F753F /* pt-BR */,
				175C1BCD22684F09006F753F /* nl */,
				175C1BCE22684F0A006F753F /* de */,
				175C1BCF22684F0B006F753F /* ja */,
				175C1BD022684F0B006F753F /* es-419 */,
				175C1BD122684F0C006F753F /* it */,
				175C1BD222684F0D006F753F /* pt-PT */,
				175C1BD322684F0E006F753F /* da */,
				175C1BD422684F0E006F753F /* fi */,
				175C1BD522684F0F006F753F /* sv */,
				175C1BD622684F0F006F753F /* nb */,
				175C1BD722684F10006F753F /* ru */,
				175C1BD822684F11006F753F /* pl */,
				175C1BD922684F12006F753F /* tr */,
				175C1BDA22684F13006F753F /* ar */,
				175C1BDB22684F13006F753F /* th */,
				175C1BDC22684F15006F753F /* hu */,
				175C1BDD22684F16006F753F /* ca */,
				175C1BDE22684F17006F753F /* cs */,
				175C1BDF22684F18006F753F /* hr */,
				175C1BE022684F18006F753F /* he */,
				175C1BE122684F19006F753F /* el */,
				175C1BE222684F1A006F753F /* ro */,
				175C1BE322684F1B006F753F /* ms */,
				175C1BE422684F1C006F753F /* id */,
				175C1BE522684F1C006F753F /* vi */,
				175C1BE622684F1D006F753F /* uk */,
				175C1BE722684F1E006F753F /* sk */,
				175C1BE822684F1E006F753F /* hi */,
			);
			name = InfoPlist.strings;
			sourceTree = "<group>";
		};
		CE1E5D4F216DB73600266B64 /* LaunchScreen.storyboard */ = {
			isa = PBXVariantGroup;
			children = (
				CE1E5D50216DB73600266B64 /* Base */,
				CE1E5D55216DB75100266B64 /* ko */,
				CE1E5D57216DB77B00266B64 /* fr */,
				CE1E5D59216DB78000266B64 /* zh-Hans */,
				CE1E5D5B216DB78300266B64 /* zh-Hant */,
				CE1E5D5D216DB78700266B64 /* es */,
				CE1E5D5F216DB78B00266B64 /* nl */,
				CE1E5D61216DB79000266B64 /* pt-BR */,
				CE1E5D63216DB79500266B64 /* de */,
				CE1E5D65216DB79900266B64 /* ja */,
				CE1E5D67216DB79E00266B64 /* es-419 */,
				CE1E5D69216DB7A200266B64 /* it */,
				CE1E5D6B216DB7A700266B64 /* pt-PT */,
				CE1E5D6D216DB7AA00266B64 /* da */,
				CE1E5D6F216DB7AD00266B64 /* fi */,
				CE1E5D71216DB7B200266B64 /* sv */,
				CE1E5D73216DB7B500266B64 /* nb */,
				CE1E5D75216DB7BA00266B64 /* ru */,
				CE1E5D77216DB7BF00266B64 /* ru */,
				CE1E5D79216DB7C500266B64 /* pl */,
				CE1E5D7B216DB7C900266B64 /* tr */,
				CE1E5D7D216DB7CD00266B64 /* ar */,
				CE1E5D7F216DB7D000266B64 /* th */,
				CE1E5D81216DB7D500266B64 /* hu */,
				CE1E5D83216DB7D800266B64 /* ca */,
				CE1E5D85216DB7DD00266B64 /* ca */,
				CE1E5D87216DB7E400266B64 /* cs */,
				CE1E5D89216DB7E800266B64 /* hr */,
				CE1E5D8B216DB7EC00266B64 /* he */,
				CE1E5D8D216DB7F100266B64 /* el */,
				CE1E5D8F216DB7F400266B64 /* ro */,
				CE1E5D91216DB7F800266B64 /* ms */,
				CE1E5D93216DB7FD00266B64 /* ms */,
				CE1E5D95216DB80300266B64 /* id */,
				CE1E5D97216DB80800266B64 /* vi */,
				CE1E5D99216DB80C00266B64 /* uk */,
				CE1E5D9B216DB81100266B64 /* sk */,
				CE1E5D9D216DB81600266B64 /* hi */,
			);
			name = LaunchScreen.storyboard;
			sourceTree = "<group>";
		};
		CE1E5D51216DB73600266B64 /* Main.storyboard */ = {
			isa = PBXVariantGroup;
			children = (
				CE1E5D52216DB73600266B64 /* Base */,
				CE1E5D56216DB75100266B64 /* ko */,
				CE1E5D58216DB77B00266B64 /* fr */,
				CE1E5D5A216DB78000266B64 /* zh-Hans */,
				CE1E5D5C216DB78300266B64 /* zh-Hant */,
				CE1E5D5E216DB78700266B64 /* es */,
				CE1E5D60216DB78B00266B64 /* nl */,
				CE1E5D62216DB79000266B64 /* pt-BR */,
				CE1E5D64216DB79500266B64 /* de */,
				CE1E5D66216DB79900266B64 /* ja */,
				CE1E5D68216DB79E00266B64 /* es-419 */,
				CE1E5D6A216DB7A300266B64 /* it */,
				CE1E5D6C216DB7A700266B64 /* pt-PT */,
				CE1E5D6E216DB7AA00266B64 /* da */,
				CE1E5D70216DB7AE00266B64 /* fi */,
				CE1E5D72216DB7B200266B64 /* sv */,
				CE1E5D74216DB7B500266B64 /* nb */,
				CE1E5D76216DB7BB00266B64 /* ru */,
				CE1E5D78216DB7C100266B64 /* ru */,
				CE1E5D7A216DB7C500266B64 /* pl */,
				CE1E5D7C216DB7C900266B64 /* tr */,
				CE1E5D7E216DB7CD00266B64 /* ar */,
				CE1E5D80216DB7D000266B64 /* th */,
				CE1E5D82216DB7D500266B64 /* hu */,
				CE1E5D84216DB7D900266B64 /* ca */,
				CE1E5D86216DB7DF00266B64 /* ca */,
				CE1E5D88216DB7E400266B64 /* cs */,
				CE1E5D8A216DB7E900266B64 /* hr */,
				CE1E5D8C216DB7EC00266B64 /* he */,
				CE1E5D8E216DB7F100266B64 /* el */,
				CE1E5D90216DB7F400266B64 /* ro */,
				CE1E5D92216DB7F800266B64 /* ms */,
				CE1E5D94216DB7FE00266B64 /* ms */,
				CE1E5D96216DB80300266B64 /* id */,
				CE1E5D98216DB80800266B64 /* vi */,
				CE1E5D9A216DB80D00266B64 /* uk */,
				CE1E5D9C216DB81100266B64 /* sk */,
				CE1E5D9E216DB81600266B64 /* hi */,
			);
			name = Main.storyboard;
			sourceTree = "<group>";
		};
/* End PBXVariantGroup section */

/* Begin XCBuildConfiguration section */
		179B6F9220E8C6BC008A7D5A /* Debug */ = {
			isa = XCBuildConfiguration;
			buildSettings = {
				ALWAYS_SEARCH_USER_PATHS = NO;
				CLANG_ANALYZER_LOCALIZABILITY_NONLOCALIZED = YES;
				CLANG_ANALYZER_NONNULL = YES;
				CLANG_ANALYZER_NUMBER_OBJECT_CONVERSION = YES_AGGRESSIVE;
				CLANG_CXX_LANGUAGE_STANDARD = "gnu++14";
				CLANG_CXX_LIBRARY = "libc++";
				CLANG_ENABLE_MODULES = YES;
				CLANG_ENABLE_OBJC_ARC = YES;
				CLANG_ENABLE_OBJC_WEAK = YES;
				CLANG_WARN_BLOCK_CAPTURE_AUTORELEASING = YES;
				CLANG_WARN_BOOL_CONVERSION = YES;
				CLANG_WARN_COMMA = YES;
				CLANG_WARN_CONSTANT_CONVERSION = YES;
				CLANG_WARN_DEPRECATED_OBJC_IMPLEMENTATIONS = YES;
				CLANG_WARN_DIRECT_OBJC_ISA_USAGE = YES_ERROR;
				CLANG_WARN_DOCUMENTATION_COMMENTS = YES;
				CLANG_WARN_EMPTY_BODY = YES;
				CLANG_WARN_ENUM_CONVERSION = YES;
				CLANG_WARN_INFINITE_RECURSION = YES;
				CLANG_WARN_INT_CONVERSION = YES;
				CLANG_WARN_NON_LITERAL_NULL_CONVERSION = YES;
				CLANG_WARN_OBJC_IMPLICIT_RETAIN_SELF = YES;
				CLANG_WARN_OBJC_LITERAL_CONVERSION = YES;
				CLANG_WARN_OBJC_ROOT_CLASS = YES_ERROR;
				CLANG_WARN_RANGE_LOOP_ANALYSIS = YES;
				CLANG_WARN_STRICT_PROTOTYPES = YES;
				CLANG_WARN_SUSPICIOUS_MOVE = YES;
				CLANG_WARN_UNGUARDED_AVAILABILITY = YES_AGGRESSIVE;
				CLANG_WARN_UNREACHABLE_CODE = YES;
				CLANG_WARN__DUPLICATE_METHOD_MATCH = YES;
				CODE_SIGN_IDENTITY = "iPhone Developer";
				COPY_PHASE_STRIP = NO;
				DEBUG_INFORMATION_FORMAT = dwarf;
				ENABLE_STRICT_OBJC_MSGSEND = YES;
				ENABLE_TESTABILITY = YES;
				GCC_C_LANGUAGE_STANDARD = gnu11;
				GCC_DYNAMIC_NO_PIC = NO;
				GCC_NO_COMMON_BLOCKS = YES;
				GCC_OPTIMIZATION_LEVEL = 0;
				GCC_PREPROCESSOR_DEFINITIONS = (
					"DEBUG=1",
					"$(inherited)",
				);
				GCC_WARN_64_TO_32_BIT_CONVERSION = YES;
				GCC_WARN_ABOUT_RETURN_TYPE = YES_ERROR;
				GCC_WARN_UNDECLARED_SELECTOR = YES;
				GCC_WARN_UNINITIALIZED_AUTOS = YES_AGGRESSIVE;
				GCC_WARN_UNUSED_FUNCTION = YES;
				GCC_WARN_UNUSED_VARIABLE = YES;
				IPHONEOS_DEPLOYMENT_TARGET = 11.4;
				MTL_ENABLE_DEBUG_INFO = YES;
				ONLY_ACTIVE_ARCH = YES;
				SDKROOT = iphoneos;
				SWIFT_ACTIVE_COMPILATION_CONDITIONS = DEBUG;
				SWIFT_OPTIMIZATION_LEVEL = "-Onone";
			};
			name = Debug;
		};
		179B6F9320E8C6BC008A7D5A /* Release */ = {
			isa = XCBuildConfiguration;
			buildSettings = {
				ALWAYS_SEARCH_USER_PATHS = NO;
				CLANG_ANALYZER_LOCALIZABILITY_NONLOCALIZED = YES;
				CLANG_ANALYZER_NONNULL = YES;
				CLANG_ANALYZER_NUMBER_OBJECT_CONVERSION = YES_AGGRESSIVE;
				CLANG_CXX_LANGUAGE_STANDARD = "gnu++14";
				CLANG_CXX_LIBRARY = "libc++";
				CLANG_ENABLE_MODULES = YES;
				CLANG_ENABLE_OBJC_ARC = YES;
				CLANG_ENABLE_OBJC_WEAK = YES;
				CLANG_WARN_BLOCK_CAPTURE_AUTORELEASING = YES;
				CLANG_WARN_BOOL_CONVERSION = YES;
				CLANG_WARN_COMMA = YES;
				CLANG_WARN_CONSTANT_CONVERSION = YES;
				CLANG_WARN_DEPRECATED_OBJC_IMPLEMENTATIONS = YES;
				CLANG_WARN_DIRECT_OBJC_ISA_USAGE = YES_ERROR;
				CLANG_WARN_DOCUMENTATION_COMMENTS = YES;
				CLANG_WARN_EMPTY_BODY = YES;
				CLANG_WARN_ENUM_CONVERSION = YES;
				CLANG_WARN_INFINITE_RECURSION = YES;
				CLANG_WARN_INT_CONVERSION = YES;
				CLANG_WARN_NON_LITERAL_NULL_CONVERSION = YES;
				CLANG_WARN_OBJC_IMPLICIT_RETAIN_SELF = YES;
				CLANG_WARN_OBJC_LITERAL_CONVERSION = YES;
				CLANG_WARN_OBJC_ROOT_CLASS = YES_ERROR;
				CLANG_WARN_RANGE_LOOP_ANALYSIS = YES;
				CLANG_WARN_STRICT_PROTOTYPES = YES;
				CLANG_WARN_SUSPICIOUS_MOVE = YES;
				CLANG_WARN_UNGUARDED_AVAILABILITY = YES_AGGRESSIVE;
				CLANG_WARN_UNREACHABLE_CODE = YES;
				CLANG_WARN__DUPLICATE_METHOD_MATCH = YES;
				CODE_SIGN_IDENTITY = "iPhone Developer";
				COPY_PHASE_STRIP = NO;
				DEBUG_INFORMATION_FORMAT = "dwarf-with-dsym";
				ENABLE_NS_ASSERTIONS = NO;
				ENABLE_STRICT_OBJC_MSGSEND = YES;
				GCC_C_LANGUAGE_STANDARD = gnu11;
				GCC_NO_COMMON_BLOCKS = YES;
				GCC_WARN_64_TO_32_BIT_CONVERSION = YES;
				GCC_WARN_ABOUT_RETURN_TYPE = YES_ERROR;
				GCC_WARN_UNDECLARED_SELECTOR = YES;
				GCC_WARN_UNINITIALIZED_AUTOS = YES_AGGRESSIVE;
				GCC_WARN_UNUSED_FUNCTION = YES;
				GCC_WARN_UNUSED_VARIABLE = YES;
				IPHONEOS_DEPLOYMENT_TARGET = 11.4;
				MTL_ENABLE_DEBUG_INFO = NO;
				SDKROOT = iphoneos;
				SWIFT_COMPILATION_MODE = wholemodule;
				SWIFT_OPTIMIZATION_LEVEL = "-O";
				VALIDATE_PRODUCT = YES;
			};
			name = Release;
		};
		179B6F9520E8C6BC008A7D5A /* Debug */ = {
			isa = XCBuildConfiguration;
			baseConfigurationReference = F8A1165A3AB64999D7A102E7 /* Pods-MyWorkingList.debug.xcconfig */;
			buildSettings = {
				ASSETCATALOG_COMPILER_APPICON_NAME = AppIcon;
				CODE_SIGN_ENTITLEMENTS = MyWorkingList/MyWorkingList.entitlements;
				CODE_SIGN_IDENTITY = "iPhone Developer";
				CODE_SIGN_STYLE = Automatic;
				DEFINES_MODULE = NO;
				DEVELOPMENT_TEAM = Z97K7ZHNKX;
				INFOPLIST_FILE = MyWorkingList/Info.plist;
				IPHONEOS_DEPLOYMENT_TARGET = 11.4;
				LD_RUNPATH_SEARCH_PATHS = (
					"$(inherited)",
					"@executable_path/Frameworks",
				);
				PRODUCT_BUNDLE_IDENTIFIER = com.oq.MyWorkingList;
				PRODUCT_NAME = "Daily Work Note";
				PROVISIONING_PROFILE = "37f1c89e-d648-412e-ac0e-af3eac5ef9a8";
				PROVISIONING_PROFILE_SPECIFIER = "";
				SWIFT_VERSION = 5.0;
				TARGETED_DEVICE_FAMILY = "1,2";
			};
			name = Debug;
		};
		179B6F9620E8C6BC008A7D5A /* Release */ = {
			isa = XCBuildConfiguration;
			baseConfigurationReference = B70F33A7D85F671FDE3A75E6 /* Pods-MyWorkingList.release.xcconfig */;
			buildSettings = {
				ASSETCATALOG_COMPILER_APPICON_NAME = AppIcon;
				CODE_SIGN_ENTITLEMENTS = MyWorkingList/MyWorkingList.entitlements;
				CODE_SIGN_IDENTITY = "iPhone Developer";
				CODE_SIGN_STYLE = Automatic;
				DEFINES_MODULE = NO;
				DEVELOPMENT_TEAM = Z97K7ZHNKX;
				INFOPLIST_FILE = MyWorkingList/Info.plist;
				IPHONEOS_DEPLOYMENT_TARGET = 11.4;
				LD_RUNPATH_SEARCH_PATHS = (
					"$(inherited)",
					"@executable_path/Frameworks",
				);
				PRODUCT_BUNDLE_IDENTIFIER = com.oq.MyWorkingList;
				PRODUCT_NAME = "Daily Work Note";
				PROVISIONING_PROFILE_SPECIFIER = "";
				SWIFT_VERSION = 5.0;
				TARGETED_DEVICE_FAMILY = "1,2";
			};
			name = Release;
		};
/* End XCBuildConfiguration section */

/* Begin XCConfigurationList section */
		179B6F6420E8C6B8008A7D5A /* Build configuration list for PBXProject "MyWorkingList" */ = {
			isa = XCConfigurationList;
			buildConfigurations = (
				179B6F9220E8C6BC008A7D5A /* Debug */,
				179B6F9320E8C6BC008A7D5A /* Release */,
			);
			defaultConfigurationIsVisible = 0;
			defaultConfigurationName = Release;
		};
		179B6F9420E8C6BC008A7D5A /* Build configuration list for PBXNativeTarget "MyWorkingList" */ = {
			isa = XCConfigurationList;
			buildConfigurations = (
				179B6F9520E8C6BC008A7D5A /* Debug */,
				179B6F9620E8C6BC008A7D5A /* Release */,
			);
			defaultConfigurationIsVisible = 0;
			defaultConfigurationName = Release;
		};
/* End XCConfigurationList section */

/* Begin XCVersionGroup section */
		179B6FA020E8CC30008A7D5A /* MyWorkingList.xcdatamodeld */ = {
			isa = XCVersionGroup;
			children = (
				179B6FA120E8CC30008A7D5A /* MyWorkingList.xcdatamodel */,
			);
			currentVersion = 179B6FA120E8CC30008A7D5A /* MyWorkingList.xcdatamodel */;
			path = MyWorkingList.xcdatamodeld;
			sourceTree = "<group>";
			versionGroupType = wrapper.xcdatamodel;
		};
/* End XCVersionGroup section */
	};
	rootObject = 179B6F6120E8C6B8008A7D5A /* Project object */;
}
